// !$*UTF8*$!
{
	archiveVersion = 1;
	classes = {
	};
	objectVersion = 46;
	objects = {

/* Begin PBXBuildFile section */
		4520D01F23A220EE00A7A650 /* LoginInteractor.swift in Sources */ = {isa = PBXBuildFile; fileRef = 4520D01E23A220EE00A7A650 /* LoginInteractor.swift */; };
		4520D02023A220EE00A7A650 /* LoginInteractor.swift in Sources */ = {isa = PBXBuildFile; fileRef = 4520D01E23A220EE00A7A650 /* LoginInteractor.swift */; };
		4520D02123A220EE00A7A650 /* LoginInteractor.swift in Sources */ = {isa = PBXBuildFile; fileRef = 4520D01E23A220EE00A7A650 /* LoginInteractor.swift */; };
		458561D52359A2AE00473A76 /* CTAExampleController.swift in Sources */ = {isa = PBXBuildFile; fileRef = 45919C2B2344A49B0031DE4C /* CTAExampleController.swift */; };
		458561D62359A2AE00473A76 /* UIViewController+Extension.swift in Sources */ = {isa = PBXBuildFile; fileRef = 45D97EEB2333802E00E9EA61 /* UIViewController+Extension.swift */; };
		458561D72359A2AE00473A76 /* ViewController.swift in Sources */ = {isa = PBXBuildFile; fileRef = 607FACD71AFB9204008FA782 /* ViewController.swift */; };
		458561D82359A2AE00473A76 /* AppDelegate.swift in Sources */ = {isa = PBXBuildFile; fileRef = 607FACD51AFB9204008FA782 /* AppDelegate.swift */; };
		458561D92359A2AE00473A76 /* UIColor+Extension.swift in Sources */ = {isa = PBXBuildFile; fileRef = A38667B222DF4CDA005120C4 /* UIColor+Extension.swift */; };
		458561DA2359A2AE00473A76 /* ConfigViewController.swift in Sources */ = {isa = PBXBuildFile; fileRef = 45D97EE823337FF700E9EA61 /* ConfigViewController.swift */; };
		458561DB2359A2AE00473A76 /* Environment.swift in Sources */ = {isa = PBXBuildFile; fileRef = AB58BDD922E0706400DA537C /* Environment.swift */; };
		458561DF2359A2AE00473A76 /* Main.storyboard in Resources */ = {isa = PBXBuildFile; fileRef = 607FACD91AFB9204008FA782 /* Main.storyboard */; };
		458561E02359A2AE00473A76 /* CTAExampleController.storyboard in Resources */ = {isa = PBXBuildFile; fileRef = 45919C2E2344A4A30031DE4C /* CTAExampleController.storyboard */; };
		458561E12359A2AE00473A76 /* LaunchScreen.xib in Resources */ = {isa = PBXBuildFile; fileRef = 607FACDE1AFB9204008FA782 /* LaunchScreen.xib */; };
		458561E22359A2AE00473A76 /* Localizable.strings in Resources */ = {isa = PBXBuildFile; fileRef = A38667B822DF4DB9005120C4 /* Localizable.strings */; };
		458561E32359A2AE00473A76 /* Images.xcassets in Resources */ = {isa = PBXBuildFile; fileRef = 607FACDC1AFB9204008FA782 /* Images.xcassets */; };
		45919C2C2344A49B0031DE4C /* CTAExampleController.swift in Sources */ = {isa = PBXBuildFile; fileRef = 45919C2B2344A49B0031DE4C /* CTAExampleController.swift */; };
		45919C2D2344A49B0031DE4C /* CTAExampleController.swift in Sources */ = {isa = PBXBuildFile; fileRef = 45919C2B2344A49B0031DE4C /* CTAExampleController.swift */; };
		45919C2F2344A4A30031DE4C /* CTAExampleController.storyboard in Resources */ = {isa = PBXBuildFile; fileRef = 45919C2E2344A4A30031DE4C /* CTAExampleController.storyboard */; };
		45919C302344A4A30031DE4C /* CTAExampleController.storyboard in Resources */ = {isa = PBXBuildFile; fileRef = 45919C2E2344A4A30031DE4C /* CTAExampleController.storyboard */; };
		45A9132823C4C9E60079890A /* WidgetViewController.swift in Sources */ = {isa = PBXBuildFile; fileRef = 45A9132723C4C9E60079890A /* WidgetViewController.swift */; };
		45A9132923C4C9E60079890A /* WidgetViewController.swift in Sources */ = {isa = PBXBuildFile; fileRef = 45A9132723C4C9E60079890A /* WidgetViewController.swift */; };
		45A9132A23C4C9E60079890A /* WidgetViewController.swift in Sources */ = {isa = PBXBuildFile; fileRef = 45A9132723C4C9E60079890A /* WidgetViewController.swift */; };
		45D97EE923337FF700E9EA61 /* ConfigViewController.swift in Sources */ = {isa = PBXBuildFile; fileRef = 45D97EE823337FF700E9EA61 /* ConfigViewController.swift */; };
		45D97EEA23337FF700E9EA61 /* ConfigViewController.swift in Sources */ = {isa = PBXBuildFile; fileRef = 45D97EE823337FF700E9EA61 /* ConfigViewController.swift */; };
		45D97EEC2333802F00E9EA61 /* UIViewController+Extension.swift in Sources */ = {isa = PBXBuildFile; fileRef = 45D97EEB2333802E00E9EA61 /* UIViewController+Extension.swift */; };
		45D97EED2333802F00E9EA61 /* UIViewController+Extension.swift in Sources */ = {isa = PBXBuildFile; fileRef = 45D97EEB2333802E00E9EA61 /* UIViewController+Extension.swift */; };
		4AC23E66A47678DE459140AE /* Pods_TimeLine_DEMO.framework in Frameworks */ = {isa = PBXBuildFile; fileRef = D9EF554AB11926804456D1C5 /* Pods_TimeLine_DEMO.framework */; };
		A3B31B6923ACA8BE002B5DD3 /* Images.xcassets in Resources */ = {isa = PBXBuildFile; fileRef = 607FACDC1AFB9204008FA782 /* Images.xcassets */; };
		AB58BDDA22E0706400DA537C /* Environment.swift in Sources */ = {isa = PBXBuildFile; fileRef = AB58BDD922E0706400DA537C /* Environment.swift */; };
		AB58BDDC22E0707800DA537C /* Environment.swift in Sources */ = {isa = PBXBuildFile; fileRef = AB58BDDB22E0707800DA537C /* Environment.swift */; };
		AB72D9D822E06E2100FB164F /* ViewController.swift in Sources */ = {isa = PBXBuildFile; fileRef = 607FACD71AFB9204008FA782 /* ViewController.swift */; };
		AB72D9D922E06E2100FB164F /* AppDelegate.swift in Sources */ = {isa = PBXBuildFile; fileRef = 607FACD51AFB9204008FA782 /* AppDelegate.swift */; };
		AB72D9DB22E06E2100FB164F /* UIColor+Extension.swift in Sources */ = {isa = PBXBuildFile; fileRef = A38667B222DF4CDA005120C4 /* UIColor+Extension.swift */; };
		AB72D9DF22E06E2100FB164F /* Main.storyboard in Resources */ = {isa = PBXBuildFile; fileRef = 607FACD91AFB9204008FA782 /* Main.storyboard */; };
		AB72D9E022E06E2100FB164F /* LaunchScreen.xib in Resources */ = {isa = PBXBuildFile; fileRef = 607FACDE1AFB9204008FA782 /* LaunchScreen.xib */; };
		AB72D9E222E06E2100FB164F /* Localizable.strings in Resources */ = {isa = PBXBuildFile; fileRef = A38667B822DF4DB9005120C4 /* Localizable.strings */; };
		AB72D9F122E06E3700FB164F /* ViewController.swift in Sources */ = {isa = PBXBuildFile; fileRef = 607FACD71AFB9204008FA782 /* ViewController.swift */; };
		AB72D9F222E06E3700FB164F /* AppDelegate.swift in Sources */ = {isa = PBXBuildFile; fileRef = 607FACD51AFB9204008FA782 /* AppDelegate.swift */; };
		AB72D9F322E06E3700FB164F /* DemoRestClient.swift in Sources */ = {isa = PBXBuildFile; fileRef = ABD7DD7E22CF3DE000AE536F /* DemoRestClient.swift */; };
		AB72D9F422E06E3700FB164F /* UIColor+Extension.swift in Sources */ = {isa = PBXBuildFile; fileRef = A38667B222DF4CDA005120C4 /* UIColor+Extension.swift */; };
		AB72D9F822E06E3700FB164F /* Main.storyboard in Resources */ = {isa = PBXBuildFile; fileRef = 607FACD91AFB9204008FA782 /* Main.storyboard */; };
		AB72D9F922E06E3700FB164F /* LaunchScreen.xib in Resources */ = {isa = PBXBuildFile; fileRef = 607FACDE1AFB9204008FA782 /* LaunchScreen.xib */; };
		AB72D9FA22E06E3700FB164F /* previous_timeline_events.json in Resources */ = {isa = PBXBuildFile; fileRef = ABCD3BA122D48EBE0046A2A5 /* previous_timeline_events.json */; };
		AB72D9FB22E06E3700FB164F /* Localizable.strings in Resources */ = {isa = PBXBuildFile; fileRef = A38667B822DF4DB9005120C4 /* Localizable.strings */; };
		AB72D9FC22E06E3700FB164F /* Images.xcassets in Resources */ = {isa = PBXBuildFile; fileRef = 607FACDC1AFB9204008FA782 /* Images.xcassets */; };
		AB72D9FD22E06E3700FB164F /* configuration.json in Resources */ = {isa = PBXBuildFile; fileRef = AB20C21E22D74721005CFC7A /* configuration.json */; };
		AB72D9FE22E06E3700FB164F /* coming_timeline_events.json in Resources */ = {isa = PBXBuildFile; fileRef = ABD7DD8022CF3E7B00AE536F /* coming_timeline_events.json */; };
		BED8776611AB6E559AD8D98F /* Pods_TimeLine_PRO.framework in Frameworks */ = {isa = PBXBuildFile; fileRef = 82F76AB3B501A4DA5E219227 /* Pods_TimeLine_PRO.framework */; };
		D945DDCA5489E5A45BA50938 /* Pods_TimeLine_PRE.framework in Frameworks */ = {isa = PBXBuildFile; fileRef = F5FDC6A0D201AC9EBCB6D657 /* Pods_TimeLine_PRE.framework */; };
/* End PBXBuildFile section */

/* Begin PBXFileReference section */
		36FD61BCF551231F258D8A7C /* Pods-TimeLine_PRO.debug.xcconfig */ = {isa = PBXFileReference; includeInIndex = 1; lastKnownFileType = text.xcconfig; name = "Pods-TimeLine_PRO.debug.xcconfig"; path = "Target Support Files/Pods-TimeLine_PRO/Pods-TimeLine_PRO.debug.xcconfig"; sourceTree = "<group>"; };
		4520D01E23A220EE00A7A650 /* LoginInteractor.swift */ = {isa = PBXFileReference; lastKnownFileType = sourcecode.swift; path = LoginInteractor.swift; sourceTree = "<group>"; };
		458561EA2359A2AE00473A76 /* TimeLine.app */ = {isa = PBXFileReference; explicitFileType = wrapper.application; includeInIndex = 0; path = TimeLine.app; sourceTree = BUILT_PRODUCTS_DIR; };
		458561EB2359A2AE00473A76 /* Info-PRO.plist */ = {isa = PBXFileReference; lastKnownFileType = text.plist.xml; path = "Info-PRO.plist"; sourceTree = "<group>"; };
		45919C2B2344A49B0031DE4C /* CTAExampleController.swift */ = {isa = PBXFileReference; fileEncoding = 4; lastKnownFileType = sourcecode.swift; path = CTAExampleController.swift; sourceTree = "<group>"; };
		45919C2E2344A4A30031DE4C /* CTAExampleController.storyboard */ = {isa = PBXFileReference; fileEncoding = 4; lastKnownFileType = file.storyboard; path = CTAExampleController.storyboard; sourceTree = "<group>"; };
		45A9132723C4C9E60079890A /* WidgetViewController.swift */ = {isa = PBXFileReference; lastKnownFileType = sourcecode.swift; path = WidgetViewController.swift; sourceTree = "<group>"; };
		45D97EE823337FF700E9EA61 /* ConfigViewController.swift */ = {isa = PBXFileReference; fileEncoding = 4; lastKnownFileType = sourcecode.swift; path = ConfigViewController.swift; sourceTree = "<group>"; };
		45D97EEB2333802E00E9EA61 /* UIViewController+Extension.swift */ = {isa = PBXFileReference; fileEncoding = 4; lastKnownFileType = sourcecode.swift; path = "UIViewController+Extension.swift"; sourceTree = "<group>"; };
		607FACD51AFB9204008FA782 /* AppDelegate.swift */ = {isa = PBXFileReference; lastKnownFileType = sourcecode.swift; path = AppDelegate.swift; sourceTree = "<group>"; };
		607FACD71AFB9204008FA782 /* ViewController.swift */ = {isa = PBXFileReference; lastKnownFileType = sourcecode.swift; path = ViewController.swift; sourceTree = "<group>"; };
		607FACDA1AFB9204008FA782 /* Base */ = {isa = PBXFileReference; lastKnownFileType = file.storyboard; name = Base; path = Base.lproj/Main.storyboard; sourceTree = "<group>"; };
		607FACDC1AFB9204008FA782 /* Images.xcassets */ = {isa = PBXFileReference; lastKnownFileType = folder.assetcatalog; path = Images.xcassets; sourceTree = "<group>"; };
		607FACDF1AFB9204008FA782 /* Base */ = {isa = PBXFileReference; lastKnownFileType = file.xib; name = Base; path = Base.lproj/LaunchScreen.xib; sourceTree = "<group>"; };
		607FACEA1AFB9204008FA782 /* Info.plist */ = {isa = PBXFileReference; lastKnownFileType = text.plist.xml; path = Info.plist; sourceTree = "<group>"; };
		607FACEB1AFB9204008FA782 /* Tests.swift */ = {isa = PBXFileReference; lastKnownFileType = sourcecode.swift; path = Tests.swift; sourceTree = "<group>"; };
		82F76AB3B501A4DA5E219227 /* Pods_TimeLine_PRO.framework */ = {isa = PBXFileReference; explicitFileType = wrapper.framework; includeInIndex = 0; path = Pods_TimeLine_PRO.framework; sourceTree = BUILT_PRODUCTS_DIR; };
		901614A20A7ACE152232F11A /* Pods-TimeLine_PRO.release.xcconfig */ = {isa = PBXFileReference; includeInIndex = 1; lastKnownFileType = text.xcconfig; name = "Pods-TimeLine_PRO.release.xcconfig"; path = "Target Support Files/Pods-TimeLine_PRO/Pods-TimeLine_PRO.release.xcconfig"; sourceTree = "<group>"; };
		A38667B222DF4CDA005120C4 /* UIColor+Extension.swift */ = {isa = PBXFileReference; lastKnownFileType = sourcecode.swift; path = "UIColor+Extension.swift"; sourceTree = "<group>"; };
		A38667B722DF4DB9005120C4 /* en */ = {isa = PBXFileReference; lastKnownFileType = text.plist.strings; name = en; path = en.lproj/Localizable.strings; sourceTree = "<group>"; };
		A3CE9030237D6FF10052139E /* pipeline */ = {isa = PBXFileReference; lastKnownFileType = folder; name = pipeline; path = ../pipeline; sourceTree = "<group>"; };
		AB20C21E22D74721005CFC7A /* configuration.json */ = {isa = PBXFileReference; lastKnownFileType = text.json; path = configuration.json; sourceTree = "<group>"; };
		AB58BDD922E0706400DA537C /* Environment.swift */ = {isa = PBXFileReference; fileEncoding = 4; lastKnownFileType = sourcecode.swift; path = Environment.swift; sourceTree = "<group>"; };
		AB58BDDB22E0707800DA537C /* Environment.swift */ = {isa = PBXFileReference; lastKnownFileType = sourcecode.swift; name = Environment.swift; path = DEMO/Environment.swift; sourceTree = "<group>"; };
		AB72D9EC22E06E2100FB164F /* TimeLine_PRE.app */ = {isa = PBXFileReference; explicitFileType = wrapper.application; includeInIndex = 0; path = TimeLine_PRE.app; sourceTree = BUILT_PRODUCTS_DIR; };
		AB72D9ED22E06E2200FB164F /* IB-FinantialTimeline-iOS_Example copy-Info.plist */ = {isa = PBXFileReference; lastKnownFileType = text.plist.xml; name = "IB-FinantialTimeline-iOS_Example copy-Info.plist"; path = "/Users/jcestela/Globile/IB-FinantialTimeline-iOS/Example/IB-FinantialTimeline-iOS_Example copy-Info.plist"; sourceTree = "<absolute>"; };
		AB72DA0522E06E3700FB164F /* TimeLine_DEMO.app */ = {isa = PBXFileReference; explicitFileType = wrapper.application; includeInIndex = 0; path = TimeLine_DEMO.app; sourceTree = BUILT_PRODUCTS_DIR; };
		AB72DA0622E06E3800FB164F /* Info.plist */ = {isa = PBXFileReference; lastKnownFileType = text.plist.xml; name = Info.plist; path = "/Users/dario/Desktop/GIB/IB-FinantialTimeline-iOS/Example/Info.plist"; sourceTree = "<absolute>"; };
		AB7A353222E58B610056E6FA /* es */ = {isa = PBXFileReference; lastKnownFileType = text.plist.strings; name = es; path = es.lproj/Localizable.strings; sourceTree = "<group>"; };
		ABCD3BA122D48EBE0046A2A5 /* previous_timeline_events.json */ = {isa = PBXFileReference; lastKnownFileType = text.json; path = previous_timeline_events.json; sourceTree = "<group>"; };
		ABD7DD7E22CF3DE000AE536F /* DemoRestClient.swift */ = {isa = PBXFileReference; lastKnownFileType = sourcecode.swift; path = DemoRestClient.swift; sourceTree = "<group>"; };
		ABD7DD8022CF3E7B00AE536F /* coming_timeline_events.json */ = {isa = PBXFileReference; fileEncoding = 4; lastKnownFileType = text.json; path = coming_timeline_events.json; sourceTree = "<group>"; };
		AC2A57D4E637F7CB33BE313B /* README.md */ = {isa = PBXFileReference; includeInIndex = 1; lastKnownFileType = net.daringfireball.markdown; name = README.md; path = ../README.md; sourceTree = "<group>"; };
		C375B2DFC5AF0DD80AA77E31 /* Pods-TimeLine_PRE.debug.xcconfig */ = {isa = PBXFileReference; includeInIndex = 1; lastKnownFileType = text.xcconfig; name = "Pods-TimeLine_PRE.debug.xcconfig"; path = "Target Support Files/Pods-TimeLine_PRE/Pods-TimeLine_PRE.debug.xcconfig"; sourceTree = "<group>"; };
		D2E006DE39A0F77CBE88B392 /* Pods-TimeLine_DEMO.release.xcconfig */ = {isa = PBXFileReference; includeInIndex = 1; lastKnownFileType = text.xcconfig; name = "Pods-TimeLine_DEMO.release.xcconfig"; path = "Target Support Files/Pods-TimeLine_DEMO/Pods-TimeLine_DEMO.release.xcconfig"; sourceTree = "<group>"; };
		D9EF554AB11926804456D1C5 /* Pods_TimeLine_DEMO.framework */ = {isa = PBXFileReference; explicitFileType = wrapper.framework; includeInIndex = 0; path = Pods_TimeLine_DEMO.framework; sourceTree = BUILT_PRODUCTS_DIR; };
		E6423AD29F619AB7FE1741E8 /* Pods-TimeLine_PRE.release.xcconfig */ = {isa = PBXFileReference; includeInIndex = 1; lastKnownFileType = text.xcconfig; name = "Pods-TimeLine_PRE.release.xcconfig"; path = "Target Support Files/Pods-TimeLine_PRE/Pods-TimeLine_PRE.release.xcconfig"; sourceTree = "<group>"; };
		E926C829D3072F36C8E4034C /* Pods-TimeLine_DEMO.debug.xcconfig */ = {isa = PBXFileReference; includeInIndex = 1; lastKnownFileType = text.xcconfig; name = "Pods-TimeLine_DEMO.debug.xcconfig"; path = "Target Support Files/Pods-TimeLine_DEMO/Pods-TimeLine_DEMO.debug.xcconfig"; sourceTree = "<group>"; };
		ECBAD94E8FC6915B25628E6F /* LICENSE */ = {isa = PBXFileReference; includeInIndex = 1; lastKnownFileType = text; name = LICENSE; path = ../LICENSE; sourceTree = "<group>"; };
		F5FDC6A0D201AC9EBCB6D657 /* Pods_TimeLine_PRE.framework */ = {isa = PBXFileReference; explicitFileType = wrapper.framework; includeInIndex = 0; path = Pods_TimeLine_PRE.framework; sourceTree = BUILT_PRODUCTS_DIR; };
		FE7061C8683659475911C062 /* FinantialTimeline.podspec */ = {isa = PBXFileReference; includeInIndex = 1; lastKnownFileType = text; name = FinantialTimeline.podspec; path = ../FinantialTimeline.podspec; sourceTree = "<group>"; xcLanguageSpecificationIdentifier = xcode.lang.ruby; };
/* End PBXFileReference section */

/* Begin PBXFrameworksBuildPhase section */
		458561DC2359A2AE00473A76 /* Frameworks */ = {
			isa = PBXFrameworksBuildPhase;
			buildActionMask = 2147483647;
			files = (
				BED8776611AB6E559AD8D98F /* Pods_TimeLine_PRO.framework in Frameworks */,
			);
			runOnlyForDeploymentPostprocessing = 0;
		};
		AB72D9DC22E06E2100FB164F /* Frameworks */ = {
			isa = PBXFrameworksBuildPhase;
			buildActionMask = 2147483647;
			files = (
				D945DDCA5489E5A45BA50938 /* Pods_TimeLine_PRE.framework in Frameworks */,
			);
			runOnlyForDeploymentPostprocessing = 0;
		};
		AB72D9F522E06E3700FB164F /* Frameworks */ = {
			isa = PBXFrameworksBuildPhase;
			buildActionMask = 2147483647;
			files = (
				4AC23E66A47678DE459140AE /* Pods_TimeLine_DEMO.framework in Frameworks */,
			);
			runOnlyForDeploymentPostprocessing = 0;
		};
/* End PBXFrameworksBuildPhase section */

/* Begin PBXGroup section */
		607FACC71AFB9204008FA782 = {
			isa = PBXGroup;
			children = (
				A3CE9030237D6FF10052139E /* pipeline */,
				607FACF51AFB993E008FA782 /* Podspec Metadata */,
				607FACD21AFB9204008FA782 /* Example for IB-FinantialTimeline-iOS */,
				607FACE81AFB9204008FA782 /* Tests */,
				607FACD11AFB9204008FA782 /* Products */,
				7A2C57CAD3ADDB65DADB90CA /* Pods */,
				AB72D9ED22E06E2200FB164F /* IB-FinantialTimeline-iOS_Example copy-Info.plist */,
				AB72DA0622E06E3800FB164F /* Info.plist */,
				458561EB2359A2AE00473A76 /* Info-PRO.plist */,
				D23C01017FC375137D59F2E0 /* Frameworks */,
			);
			sourceTree = "<group>";
		};
		607FACD11AFB9204008FA782 /* Products */ = {
			isa = PBXGroup;
			children = (
				AB72D9EC22E06E2100FB164F /* TimeLine_PRE.app */,
				AB72DA0522E06E3700FB164F /* TimeLine_DEMO.app */,
				458561EA2359A2AE00473A76 /* TimeLine.app */,
			);
			name = Products;
			sourceTree = "<group>";
		};
		607FACD21AFB9204008FA782 /* Example for IB-FinantialTimeline-iOS */ = {
			isa = PBXGroup;
			children = (
				A34760972326829A00B8EF4E /* Scenes */,
				A37ADCC2231F900900B6FC03 /* cta example */,
				A38667B122DF4CC7005120C4 /* Commons */,
				607FACD51AFB9204008FA782 /* AppDelegate.swift */,
				607FACD91AFB9204008FA782 /* Main.storyboard */,
				607FACDC1AFB9204008FA782 /* Images.xcassets */,
				607FACDE1AFB9204008FA782 /* LaunchScreen.xib */,
				607FACD31AFB9204008FA782 /* Supporting Files */,
				ABD7DD8222CF3E7F00AE536F /* Demo */,
				A38667B822DF4DB9005120C4 /* Localizable.strings */,
				AB58BDD322E0702800DA537C /* Enviroment */,
			);
			name = "Example for IB-FinantialTimeline-iOS";
			path = "IB-FinantialTimeline-iOS";
			sourceTree = "<group>";
		};
		607FACD31AFB9204008FA782 /* Supporting Files */ = {
			isa = PBXGroup;
			children = (
			);
			name = "Supporting Files";
			sourceTree = "<group>";
		};
		607FACE81AFB9204008FA782 /* Tests */ = {
			isa = PBXGroup;
			children = (
				607FACEB1AFB9204008FA782 /* Tests.swift */,
				607FACE91AFB9204008FA782 /* Supporting Files */,
			);
			path = Tests;
			sourceTree = "<group>";
		};
		607FACE91AFB9204008FA782 /* Supporting Files */ = {
			isa = PBXGroup;
			children = (
				607FACEA1AFB9204008FA782 /* Info.plist */,
			);
			name = "Supporting Files";
			sourceTree = "<group>";
		};
		607FACF51AFB993E008FA782 /* Podspec Metadata */ = {
			isa = PBXGroup;
			children = (
				FE7061C8683659475911C062 /* FinantialTimeline.podspec */,
				AC2A57D4E637F7CB33BE313B /* README.md */,
				ECBAD94E8FC6915B25628E6F /* LICENSE */,
			);
			name = "Podspec Metadata";
			sourceTree = "<group>";
		};
		7A2C57CAD3ADDB65DADB90CA /* Pods */ = {
			isa = PBXGroup;
			children = (
				E926C829D3072F36C8E4034C /* Pods-TimeLine_DEMO.debug.xcconfig */,
				D2E006DE39A0F77CBE88B392 /* Pods-TimeLine_DEMO.release.xcconfig */,
				C375B2DFC5AF0DD80AA77E31 /* Pods-TimeLine_PRE.debug.xcconfig */,
				E6423AD29F619AB7FE1741E8 /* Pods-TimeLine_PRE.release.xcconfig */,
				36FD61BCF551231F258D8A7C /* Pods-TimeLine_PRO.debug.xcconfig */,
				901614A20A7ACE152232F11A /* Pods-TimeLine_PRO.release.xcconfig */,
			);
			path = Pods;
			sourceTree = "<group>";
		};
		A34760972326829A00B8EF4E /* Scenes */ = {
			isa = PBXGroup;
			children = (
				A3476099232682AD00B8EF4E /* config */,
				A3476098232682A800B8EF4E /* main */,
			);
			name = Scenes;
			sourceTree = "<group>";
		};
		A3476098232682A800B8EF4E /* main */ = {
			isa = PBXGroup;
			children = (
				607FACD71AFB9204008FA782 /* ViewController.swift */,
				4520D01E23A220EE00A7A650 /* LoginInteractor.swift */,
				45A9132723C4C9E60079890A /* WidgetViewController.swift */,
			);
			name = main;
			sourceTree = "<group>";
		};
		A3476099232682AD00B8EF4E /* config */ = {
			isa = PBXGroup;
			children = (
				45D97EE823337FF700E9EA61 /* ConfigViewController.swift */,
			);
			name = config;
			sourceTree = "<group>";
		};
		A37ADCC2231F900900B6FC03 /* cta example */ = {
			isa = PBXGroup;
			children = (
				45919C2E2344A4A30031DE4C /* CTAExampleController.storyboard */,
				45919C2B2344A49B0031DE4C /* CTAExampleController.swift */,
			);
			name = "cta example";
			sourceTree = "<group>";
		};
		A38667B122DF4CC7005120C4 /* Commons */ = {
			isa = PBXGroup;
			children = (
				45D97EEB2333802E00E9EA61 /* UIViewController+Extension.swift */,
				A38667B222DF4CDA005120C4 /* UIColor+Extension.swift */,
			);
			name = Commons;
			sourceTree = "<group>";
		};
		AB58BDD322E0702800DA537C /* Enviroment */ = {
			isa = PBXGroup;
			children = (
				AB58BDD822E0706400DA537C /* PRE */,
				AB58BDD722E0704500DA537C /* DEMO */,
			);
			name = Enviroment;
			sourceTree = "<group>";
		};
		AB58BDD722E0704500DA537C /* DEMO */ = {
			isa = PBXGroup;
			children = (
				AB58BDDB22E0707800DA537C /* Environment.swift */,
			);
			name = DEMO;
			sourceTree = "<group>";
		};
		AB58BDD822E0706400DA537C /* PRE */ = {
			isa = PBXGroup;
			children = (
				AB58BDD922E0706400DA537C /* Environment.swift */,
			);
			path = PRE;
			sourceTree = "<group>";
		};
		ABD7DD8222CF3E7F00AE536F /* Demo */ = {
			isa = PBXGroup;
			children = (
				ABD7DD7E22CF3DE000AE536F /* DemoRestClient.swift */,
				ABD7DD8022CF3E7B00AE536F /* coming_timeline_events.json */,
				ABCD3BA122D48EBE0046A2A5 /* previous_timeline_events.json */,
				AB20C21E22D74721005CFC7A /* configuration.json */,
			);
			name = Demo;
			sourceTree = "<group>";
		};
		D23C01017FC375137D59F2E0 /* Frameworks */ = {
			isa = PBXGroup;
			children = (
				D9EF554AB11926804456D1C5 /* Pods_TimeLine_DEMO.framework */,
				F5FDC6A0D201AC9EBCB6D657 /* Pods_TimeLine_PRE.framework */,
				82F76AB3B501A4DA5E219227 /* Pods_TimeLine_PRO.framework */,
			);
			name = Frameworks;
			sourceTree = "<group>";
		};
/* End PBXGroup section */

/* Begin PBXNativeTarget section */
		458561D22359A2AE00473A76 /* TimeLine_PRO */ = {
			isa = PBXNativeTarget;
			buildConfigurationList = 458561E72359A2AE00473A76 /* Build configuration list for PBXNativeTarget "TimeLine_PRO" */;
			buildPhases = (
				BCD3BABA24FBC0CAF3665990 /* [CP] Check Pods Manifest.lock */,
				458561D42359A2AE00473A76 /* Sources */,
				458561DC2359A2AE00473A76 /* Frameworks */,
				458561DE2359A2AE00473A76 /* Resources */,
				A3E9FBC223C5B53E00EB5AE3 /* version script */,
				6154890C6C245397F49D2899 /* [CP] Embed Pods Frameworks */,
				1ABD03271DB8B0770B6B2DA0 /* [CP] Copy Pods Resources */,
			);
			buildRules = (
			);
			dependencies = (
			);
			name = TimeLine_PRO;
			productName = "IB-FinantialTimeline-iOS";
			productReference = 458561EA2359A2AE00473A76 /* TimeLine.app */;
			productType = "com.apple.product-type.application";
		};
		AB72D9D522E06E2100FB164F /* TimeLine_PRE */ = {
			isa = PBXNativeTarget;
			buildConfigurationList = AB72D9E922E06E2100FB164F /* Build configuration list for PBXNativeTarget "TimeLine_PRE" */;
			buildPhases = (
				5111CC1D23C955A845B7F0CB /* [CP] Check Pods Manifest.lock */,
				8BC3937C304F4BBD043E2197 /* version script */,
				AB72D9D722E06E2100FB164F /* Sources */,
				AB72D9DC22E06E2100FB164F /* Frameworks */,
				AB72D9DE22E06E2100FB164F /* Resources */,
				AB72D9E722E06E2100FB164F /* Swiftlint */,
				92C98FE3E00DE41CEA3244C7 /* [CP] Embed Pods Frameworks */,
				71B558887AFEC2B48ACA99CC /* [CP] Copy Pods Resources */,
			);
			buildRules = (
			);
			dependencies = (
			);
			name = TimeLine_PRE;
			productName = "IB-FinantialTimeline-iOS";
			productReference = AB72D9EC22E06E2100FB164F /* TimeLine_PRE.app */;
			productType = "com.apple.product-type.application";
		};
		AB72D9EE22E06E3700FB164F /* TimeLine_DEMO */ = {
			isa = PBXNativeTarget;
			buildConfigurationList = AB72DA0222E06E3700FB164F /* Build configuration list for PBXNativeTarget "TimeLine_DEMO" */;
			buildPhases = (
				9964F41C57679773A1AD94A3 /* [CP] Check Pods Manifest.lock */,
				5B5422EF11574AEC6B5C5132 /* Swiftlint */,
				AB72D9F022E06E3700FB164F /* Sources */,
				AB72D9F522E06E3700FB164F /* Frameworks */,
				AB72D9F722E06E3700FB164F /* Resources */,
				AB72DA0022E06E3700FB164F /* Swiftlint */,
				B1444AD0E22AD5AF832A2E8D /* [CP] Embed Pods Frameworks */,
				DF28DA1D6B562D7C2D00CB85 /* [CP] Copy Pods Resources */,
			);
			buildRules = (
			);
			dependencies = (
			);
			name = TimeLine_DEMO;
			productName = "IB-FinantialTimeline-iOS";
			productReference = AB72DA0522E06E3700FB164F /* TimeLine_DEMO.app */;
			productType = "com.apple.product-type.application";
		};
/* End PBXNativeTarget section */

/* Begin PBXProject section */
		607FACC81AFB9204008FA782 /* Project object */ = {
			isa = PBXProject;
			attributes = {
				LastSwiftUpdateCheck = 0830;
				LastUpgradeCheck = 0830;
				ORGANIZATIONNAME = CocoaPods;
				TargetAttributes = {
					458561D22359A2AE00473A76 = {
						DevelopmentTeam = R7SXCG38C3;
						ProvisioningStyle = Manual;
					};
					AB72D9D522E06E2100FB164F = {
						DevelopmentTeam = R7SXCG38C3;
						ProvisioningStyle = Manual;
					};
					AB72D9EE22E06E3700FB164F = {
						DevelopmentTeam = R7SXCG38C3;
						ProvisioningStyle = Automatic;
					};
				};
			};
			buildConfigurationList = 607FACCB1AFB9204008FA782 /* Build configuration list for PBXProject "IB-FinantialTimeline-iOS" */;
			compatibilityVersion = "Xcode 3.2";
			developmentRegion = English;
			hasScannedForEncodings = 0;
			knownRegions = (
				English,
				en,
				Base,
				es,
			);
			mainGroup = 607FACC71AFB9204008FA782;
			productRefGroup = 607FACD11AFB9204008FA782 /* Products */;
			projectDirPath = "";
			projectRoot = "";
			targets = (
				AB72D9D522E06E2100FB164F /* TimeLine_PRE */,
				AB72D9EE22E06E3700FB164F /* TimeLine_DEMO */,
				458561D22359A2AE00473A76 /* TimeLine_PRO */,
			);
		};
/* End PBXProject section */

/* Begin PBXResourcesBuildPhase section */
		458561DE2359A2AE00473A76 /* Resources */ = {
			isa = PBXResourcesBuildPhase;
			buildActionMask = 2147483647;
			files = (
				458561DF2359A2AE00473A76 /* Main.storyboard in Resources */,
				458561E02359A2AE00473A76 /* CTAExampleController.storyboard in Resources */,
				458561E12359A2AE00473A76 /* LaunchScreen.xib in Resources */,
				458561E22359A2AE00473A76 /* Localizable.strings in Resources */,
				458561E32359A2AE00473A76 /* Images.xcassets in Resources */,
			);
			runOnlyForDeploymentPostprocessing = 0;
		};
		AB72D9DE22E06E2100FB164F /* Resources */ = {
			isa = PBXResourcesBuildPhase;
			buildActionMask = 2147483647;
			files = (
				AB72D9DF22E06E2100FB164F /* Main.storyboard in Resources */,
				A3B31B6923ACA8BE002B5DD3 /* Images.xcassets in Resources */,
				45919C2F2344A4A30031DE4C /* CTAExampleController.storyboard in Resources */,
				AB72D9E022E06E2100FB164F /* LaunchScreen.xib in Resources */,
				AB72D9E222E06E2100FB164F /* Localizable.strings in Resources */,
			);
			runOnlyForDeploymentPostprocessing = 0;
		};
		AB72D9F722E06E3700FB164F /* Resources */ = {
			isa = PBXResourcesBuildPhase;
			buildActionMask = 2147483647;
			files = (
				AB72D9F822E06E3700FB164F /* Main.storyboard in Resources */,
				AB72D9F922E06E3700FB164F /* LaunchScreen.xib in Resources */,
				AB72D9FA22E06E3700FB164F /* previous_timeline_events.json in Resources */,
				AB72D9FB22E06E3700FB164F /* Localizable.strings in Resources */,
				AB72D9FC22E06E3700FB164F /* Images.xcassets in Resources */,
				AB72D9FD22E06E3700FB164F /* configuration.json in Resources */,
				45919C302344A4A30031DE4C /* CTAExampleController.storyboard in Resources */,
				AB72D9FE22E06E3700FB164F /* coming_timeline_events.json in Resources */,
			);
			runOnlyForDeploymentPostprocessing = 0;
		};
/* End PBXResourcesBuildPhase section */

/* Begin PBXShellScriptBuildPhase section */
		1ABD03271DB8B0770B6B2DA0 /* [CP] Copy Pods Resources */ = {
			isa = PBXShellScriptBuildPhase;
			buildActionMask = 2147483647;
			files = (
			);
			inputPaths = (
				"${PODS_ROOT}/Target Support Files/Pods-TimeLine_PRO/Pods-TimeLine_PRO-resources.sh",
				"${PODS_CONFIGURATION_BUILD_DIR}/FinantialTimeline/FinantialTimeline.bundle",
				"${PODS_CONFIGURATION_BUILD_DIR}/SantanderUIKitLib/SUKit.bundle",
				"${PODS_ROOT}/WebViewBridgeLib/Globile/Core/WebviewBridge/Resources/BS_s-loader@2x.gif",
			);
			name = "[CP] Copy Pods Resources";
			outputPaths = (
				"${TARGET_BUILD_DIR}/${UNLOCALIZED_RESOURCES_FOLDER_PATH}/FinantialTimeline.bundle",
				"${TARGET_BUILD_DIR}/${UNLOCALIZED_RESOURCES_FOLDER_PATH}/SUKit.bundle",
				"${TARGET_BUILD_DIR}/${UNLOCALIZED_RESOURCES_FOLDER_PATH}/BS_s-loader@2x.gif",
			);
			runOnlyForDeploymentPostprocessing = 0;
			shellPath = /bin/sh;
			shellScript = "\"${PODS_ROOT}/Target Support Files/Pods-TimeLine_PRO/Pods-TimeLine_PRO-resources.sh\"\n";
			showEnvVarsInLog = 0;
		};
		5111CC1D23C955A845B7F0CB /* [CP] Check Pods Manifest.lock */ = {
			isa = PBXShellScriptBuildPhase;
			buildActionMask = 2147483647;
			files = (
			);
			inputFileListPaths = (
			);
			inputPaths = (
				"${PODS_PODFILE_DIR_PATH}/Podfile.lock",
				"${PODS_ROOT}/Manifest.lock",
			);
			name = "[CP] Check Pods Manifest.lock";
			outputFileListPaths = (
			);
			outputPaths = (
				"$(DERIVED_FILE_DIR)/Pods-TimeLine_PRE-checkManifestLockResult.txt",
			);
			runOnlyForDeploymentPostprocessing = 0;
			shellPath = /bin/sh;
			shellScript = "diff \"${PODS_PODFILE_DIR_PATH}/Podfile.lock\" \"${PODS_ROOT}/Manifest.lock\" > /dev/null\nif [ $? != 0 ] ; then\n    # print error to STDERR\n    echo \"error: The sandbox is not in sync with the Podfile.lock. Run 'pod install' or update your CocoaPods installation.\" >&2\n    exit 1\nfi\n# This output is used by Xcode 'outputs' to avoid re-running this script phase.\necho \"SUCCESS\" > \"${SCRIPT_OUTPUT_FILE_0}\"\n";
			showEnvVarsInLog = 0;
		};
		5B5422EF11574AEC6B5C5132 /* Swiftlint */ = {
			isa = PBXShellScriptBuildPhase;
			buildActionMask = 2147483647;
			files = (
			);
			inputFileListPaths = (
			);
			inputPaths = (
			);
			name = Swiftlint;
			outputFileListPaths = (
			);
			outputPaths = (
			);
			runOnlyForDeploymentPostprocessing = 0;
			shellPath = /bin/sh;
			shellScript = "if which swiftlint >/dev/null; then\n    swiftlint\nelse\n    echo \"warning: SwiftLint not installed, download from https://github.com/realm/SwiftLint\"\nfi\n";
		};
		6154890C6C245397F49D2899 /* [CP] Embed Pods Frameworks */ = {
			isa = PBXShellScriptBuildPhase;
			buildActionMask = 2147483647;
			files = (
			);
			inputPaths = (
				"${PODS_ROOT}/Target Support Files/Pods-TimeLine_PRO/Pods-TimeLine_PRO-frameworks.sh",
				"${BUILT_PRODUCTS_DIR}/Alamofire/Alamofire.framework",
				"${BUILT_PRODUCTS_DIR}/AlamofireNetworkActivityLogger/AlamofireNetworkActivityLogger.framework",
				"${BUILT_PRODUCTS_DIR}/Cache/Cache.framework",
				"${BUILT_PRODUCTS_DIR}/Charts/Charts.framework",
				"${BUILT_PRODUCTS_DIR}/Imaginary/Imaginary.framework",
				"${BUILT_PRODUCTS_DIR}/netfox/netfox.framework",
				"${BUILT_PRODUCTS_DIR}/SCAL_iOS/SCAL_iOS.framework",
				"${BUILT_PRODUCTS_DIR}/STGKeychain_Access/STGKeychain_Access.framework",
			);
			name = "[CP] Embed Pods Frameworks";
			outputPaths = (
				"${TARGET_BUILD_DIR}/${FRAMEWORKS_FOLDER_PATH}/Alamofire.framework",
				"${TARGET_BUILD_DIR}/${FRAMEWORKS_FOLDER_PATH}/AlamofireNetworkActivityLogger.framework",
				"${TARGET_BUILD_DIR}/${FRAMEWORKS_FOLDER_PATH}/Cache.framework",
				"${TARGET_BUILD_DIR}/${FRAMEWORKS_FOLDER_PATH}/Charts.framework",
				"${TARGET_BUILD_DIR}/${FRAMEWORKS_FOLDER_PATH}/Imaginary.framework",
				"${TARGET_BUILD_DIR}/${FRAMEWORKS_FOLDER_PATH}/netfox.framework",
				"${TARGET_BUILD_DIR}/${FRAMEWORKS_FOLDER_PATH}/SCAL_iOS.framework",
				"${TARGET_BUILD_DIR}/${FRAMEWORKS_FOLDER_PATH}/STGKeychain_Access.framework",
			);
			runOnlyForDeploymentPostprocessing = 0;
			shellPath = /bin/sh;
			shellScript = "\"${PODS_ROOT}/Target Support Files/Pods-TimeLine_PRO/Pods-TimeLine_PRO-frameworks.sh\"\n";
			showEnvVarsInLog = 0;
		};
		71B558887AFEC2B48ACA99CC /* [CP] Copy Pods Resources */ = {
			isa = PBXShellScriptBuildPhase;
			buildActionMask = 2147483647;
			files = (
			);
			inputPaths = (
				"${PODS_ROOT}/Target Support Files/Pods-TimeLine_PRE/Pods-TimeLine_PRE-resources.sh",
				"${PODS_CONFIGURATION_BUILD_DIR}/FinantialTimeline/FinantialTimeline.bundle",
				"${PODS_CONFIGURATION_BUILD_DIR}/SantanderUIKitLib/SUKit.bundle",
				"${PODS_ROOT}/WebViewBridgeLib/Globile/Core/WebviewBridge/Resources/BS_s-loader@2x.gif",
			);
			name = "[CP] Copy Pods Resources";
			outputPaths = (
				"${TARGET_BUILD_DIR}/${UNLOCALIZED_RESOURCES_FOLDER_PATH}/FinantialTimeline.bundle",
				"${TARGET_BUILD_DIR}/${UNLOCALIZED_RESOURCES_FOLDER_PATH}/SUKit.bundle",
				"${TARGET_BUILD_DIR}/${UNLOCALIZED_RESOURCES_FOLDER_PATH}/BS_s-loader@2x.gif",
			);
			runOnlyForDeploymentPostprocessing = 0;
			shellPath = /bin/sh;
			shellScript = "\"${PODS_ROOT}/Target Support Files/Pods-TimeLine_PRE/Pods-TimeLine_PRE-resources.sh\"\n";
			showEnvVarsInLog = 0;
		};
		8BC3937C304F4BBD043E2197 /* version script */ = {
			isa = PBXShellScriptBuildPhase;
			buildActionMask = 2147483647;
			files = (
			);
			inputPaths = (
			);
			name = "version script";
			outputFileListPaths = (
			);
			outputPaths = (
			);
			runOnlyForDeploymentPostprocessing = 0;
			shellPath = /bin/sh;
			shellScript = "buildNumber=$(git rev-parse --short HEAD)\nbranch=$(git symbolic-ref --short HEAD)\nif [[ $branch == \"master\" ]]; then\n    patch=\"master\"\nelif [[ $branch == \"develop\" ]]; then\n    patch=\"develop\"\nelif [[ $branch =~ ([0-9]+) ]]; then\n    patch=\"IB-${BASH_REMATCH[1]}\"\nelif [[ $branch =~ ^([a-zA-Z]+)\\ {0,1}.*$ ]]; then\n    patch=${BASH_REMATCH[1]}s\nelse\n    patch=\"0\"\nfi\nversion=\"1.0.${patch}\"\n/usr/libexec/PlistBuddy -c \"Set :CFBundleShortVersionString $version\" \"${PROJECT_DIR}/${INFOPLIST_FILE}\"\n/usr/libexec/PlistBuddy -c \"Set :CFBundleVersion $buildNumber\" \"${PROJECT_DIR}/${INFOPLIST_FILE}\"\n";
		};
		92C98FE3E00DE41CEA3244C7 /* [CP] Embed Pods Frameworks */ = {
			isa = PBXShellScriptBuildPhase;
			buildActionMask = 2147483647;
			files = (
			);
			inputPaths = (
				"${PODS_ROOT}/Target Support Files/Pods-TimeLine_PRE/Pods-TimeLine_PRE-frameworks.sh",
				"${BUILT_PRODUCTS_DIR}/Alamofire/Alamofire.framework",
				"${BUILT_PRODUCTS_DIR}/AlamofireNetworkActivityLogger/AlamofireNetworkActivityLogger.framework",
				"${BUILT_PRODUCTS_DIR}/Cache/Cache.framework",
				"${BUILT_PRODUCTS_DIR}/Charts/Charts.framework",
				"${BUILT_PRODUCTS_DIR}/Imaginary/Imaginary.framework",
				"${BUILT_PRODUCTS_DIR}/netfox/netfox.framework",
			);
			name = "[CP] Embed Pods Frameworks";
			outputPaths = (
				"${TARGET_BUILD_DIR}/${FRAMEWORKS_FOLDER_PATH}/Alamofire.framework",
				"${TARGET_BUILD_DIR}/${FRAMEWORKS_FOLDER_PATH}/AlamofireNetworkActivityLogger.framework",
				"${TARGET_BUILD_DIR}/${FRAMEWORKS_FOLDER_PATH}/Cache.framework",
				"${TARGET_BUILD_DIR}/${FRAMEWORKS_FOLDER_PATH}/Charts.framework",
				"${TARGET_BUILD_DIR}/${FRAMEWORKS_FOLDER_PATH}/Imaginary.framework",
				"${TARGET_BUILD_DIR}/${FRAMEWORKS_FOLDER_PATH}/netfox.framework",
			);
			runOnlyForDeploymentPostprocessing = 0;
			shellPath = /bin/sh;
			shellScript = "\"${PODS_ROOT}/Target Support Files/Pods-TimeLine_PRE/Pods-TimeLine_PRE-frameworks.sh\"\n";
			showEnvVarsInLog = 0;
		};
		9964F41C57679773A1AD94A3 /* [CP] Check Pods Manifest.lock */ = {
			isa = PBXShellScriptBuildPhase;
			buildActionMask = 2147483647;
			files = (
			);
			inputFileListPaths = (
			);
			inputPaths = (
				"${PODS_PODFILE_DIR_PATH}/Podfile.lock",
				"${PODS_ROOT}/Manifest.lock",
			);
			name = "[CP] Check Pods Manifest.lock";
			outputFileListPaths = (
			);
			outputPaths = (
				"$(DERIVED_FILE_DIR)/Pods-TimeLine_DEMO-checkManifestLockResult.txt",
			);
			runOnlyForDeploymentPostprocessing = 0;
			shellPath = /bin/sh;
			shellScript = "diff \"${PODS_PODFILE_DIR_PATH}/Podfile.lock\" \"${PODS_ROOT}/Manifest.lock\" > /dev/null\nif [ $? != 0 ] ; then\n    # print error to STDERR\n    echo \"error: The sandbox is not in sync with the Podfile.lock. Run 'pod install' or update your CocoaPods installation.\" >&2\n    exit 1\nfi\n# This output is used by Xcode 'outputs' to avoid re-running this script phase.\necho \"SUCCESS\" > \"${SCRIPT_OUTPUT_FILE_0}\"\n";
			showEnvVarsInLog = 0;
		};
		A3E9FBC223C5B53E00EB5AE3 /* version script */ = {
			isa = PBXShellScriptBuildPhase;
			buildActionMask = 2147483647;
			files = (
			);
			inputFileListPaths = (
			);
			inputPaths = (
			);
			name = "version script";
			outputFileListPaths = (
			);
			outputPaths = (
			);
			runOnlyForDeploymentPostprocessing = 0;
			shellPath = /bin/sh;
			shellScript = "# Type a script or drag a script file from your workspace to insert its path.\nbuildNumber=$(git rev-parse --short HEAD)\nbranch=$(git symbolic-ref --short HEAD)\nif [[ $branch == \"master\" ]]; then\n    patch=\"master\"\nelif [[ $branch == \"develop\" ]]; then\n    patch=\"develop\"\nelif [[ $branch =~ ([0-9]+) ]]; then\n    patch=\"IB-${BASH_REMATCH[1]}\"\nelif [[ $branch =~ ^([a-zA-Z]+)\\ {0,1}.*$ ]]; then\n    patch=${BASH_REMATCH[1]}s\nelse\n    patch=\"0\"\nfi\nversion=\"1.0.${patch}\"\n/usr/libexec/PlistBuddy -c \"Set :CFBundleShortVersionString $version\" \"${PROJECT_DIR}/${INFOPLIST_FILE}\"\n/usr/libexec/PlistBuddy -c \"Set :CFBundleVersion $buildNumber\" \"${PROJECT_DIR}/${INFOPLIST_FILE}\"\n";
		};
		AB72D9E722E06E2100FB164F /* Swiftlint */ = {
			isa = PBXShellScriptBuildPhase;
			buildActionMask = 2147483647;
			files = (
			);
			inputPaths = (
			);
			name = Swiftlint;
			outputFileListPaths = (
			);
			outputPaths = (
			);
			runOnlyForDeploymentPostprocessing = 0;
			shellPath = /bin/sh;
			shellScript = "if which swiftlint >/dev/null; then\n    swiftlint\nelse\n    echo \"warning: SwiftLint not installed, download from https://github.com/realm/SwiftLint\"\nfi\n";
		};
		AB72DA0022E06E3700FB164F /* Swiftlint */ = {
			isa = PBXShellScriptBuildPhase;
			buildActionMask = 2147483647;
			files = (
			);
			inputFileListPaths = (
			);
			inputPaths = (
			);
			name = Swiftlint;
			outputFileListPaths = (
			);
			outputPaths = (
			);
			runOnlyForDeploymentPostprocessing = 0;
			shellPath = /bin/sh;
			shellScript = "if which swiftlint >/dev/null; then\n    swiftlint\nelse\n    echo \"warning: SwiftLint not installed, download from https://github.com/realm/SwiftLint\"\nfi\n";
		};
		B1444AD0E22AD5AF832A2E8D /* [CP] Embed Pods Frameworks */ = {
			isa = PBXShellScriptBuildPhase;
			buildActionMask = 2147483647;
			files = (
			);
			inputPaths = (
				"${PODS_ROOT}/Target Support Files/Pods-TimeLine_DEMO/Pods-TimeLine_DEMO-frameworks.sh",
				"${BUILT_PRODUCTS_DIR}/Alamofire/Alamofire.framework",
				"${BUILT_PRODUCTS_DIR}/AlamofireNetworkActivityLogger/AlamofireNetworkActivityLogger.framework",
				"${BUILT_PRODUCTS_DIR}/Cache/Cache.framework",
				"${BUILT_PRODUCTS_DIR}/Charts/Charts.framework",
				"${BUILT_PRODUCTS_DIR}/Imaginary/Imaginary.framework",
				"${BUILT_PRODUCTS_DIR}/netfox/netfox.framework",
			);
			name = "[CP] Embed Pods Frameworks";
			outputPaths = (
				"${TARGET_BUILD_DIR}/${FRAMEWORKS_FOLDER_PATH}/Alamofire.framework",
				"${TARGET_BUILD_DIR}/${FRAMEWORKS_FOLDER_PATH}/AlamofireNetworkActivityLogger.framework",
				"${TARGET_BUILD_DIR}/${FRAMEWORKS_FOLDER_PATH}/Cache.framework",
				"${TARGET_BUILD_DIR}/${FRAMEWORKS_FOLDER_PATH}/Charts.framework",
				"${TARGET_BUILD_DIR}/${FRAMEWORKS_FOLDER_PATH}/Imaginary.framework",
				"${TARGET_BUILD_DIR}/${FRAMEWORKS_FOLDER_PATH}/netfox.framework",
			);
			runOnlyForDeploymentPostprocessing = 0;
			shellPath = /bin/sh;
			shellScript = "\"${PODS_ROOT}/Target Support Files/Pods-TimeLine_DEMO/Pods-TimeLine_DEMO-frameworks.sh\"\n";
			showEnvVarsInLog = 0;
		};
		BCD3BABA24FBC0CAF3665990 /* [CP] Check Pods Manifest.lock */ = {
			isa = PBXShellScriptBuildPhase;
			buildActionMask = 2147483647;
			files = (
			);
			inputFileListPaths = (
			);
			inputPaths = (
				"${PODS_PODFILE_DIR_PATH}/Podfile.lock",
				"${PODS_ROOT}/Manifest.lock",
			);
			name = "[CP] Check Pods Manifest.lock";
			outputFileListPaths = (
			);
			outputPaths = (
				"$(DERIVED_FILE_DIR)/Pods-TimeLine_PRO-checkManifestLockResult.txt",
			);
			runOnlyForDeploymentPostprocessing = 0;
			shellPath = /bin/sh;
			shellScript = "diff \"${PODS_PODFILE_DIR_PATH}/Podfile.lock\" \"${PODS_ROOT}/Manifest.lock\" > /dev/null\nif [ $? != 0 ] ; then\n    # print error to STDERR\n    echo \"error: The sandbox is not in sync with the Podfile.lock. Run 'pod install' or update your CocoaPods installation.\" >&2\n    exit 1\nfi\n# This output is used by Xcode 'outputs' to avoid re-running this script phase.\necho \"SUCCESS\" > \"${SCRIPT_OUTPUT_FILE_0}\"\n";
			showEnvVarsInLog = 0;
		};
		DF28DA1D6B562D7C2D00CB85 /* [CP] Copy Pods Resources */ = {
			isa = PBXShellScriptBuildPhase;
			buildActionMask = 2147483647;
			files = (
			);
			inputPaths = (
				"${PODS_ROOT}/Target Support Files/Pods-TimeLine_DEMO/Pods-TimeLine_DEMO-resources.sh",
				"${PODS_CONFIGURATION_BUILD_DIR}/FinantialTimeline/FinantialTimeline.bundle",
				"${PODS_CONFIGURATION_BUILD_DIR}/SantanderUIKitLib/SUKit.bundle",
				"${PODS_ROOT}/WebViewBridgeLib/Globile/Core/WebviewBridge/Resources/BS_s-loader@2x.gif",
			);
			name = "[CP] Copy Pods Resources";
			outputPaths = (
				"${TARGET_BUILD_DIR}/${UNLOCALIZED_RESOURCES_FOLDER_PATH}/FinantialTimeline.bundle",
				"${TARGET_BUILD_DIR}/${UNLOCALIZED_RESOURCES_FOLDER_PATH}/SUKit.bundle",
				"${TARGET_BUILD_DIR}/${UNLOCALIZED_RESOURCES_FOLDER_PATH}/BS_s-loader@2x.gif",
			);
			runOnlyForDeploymentPostprocessing = 0;
			shellPath = /bin/sh;
			shellScript = "\"${PODS_ROOT}/Target Support Files/Pods-TimeLine_DEMO/Pods-TimeLine_DEMO-resources.sh\"\n";
			showEnvVarsInLog = 0;
		};
/* End PBXShellScriptBuildPhase section */

/* Begin PBXSourcesBuildPhase section */
		458561D42359A2AE00473A76 /* Sources */ = {
			isa = PBXSourcesBuildPhase;
			buildActionMask = 2147483647;
			files = (
				458561D52359A2AE00473A76 /* CTAExampleController.swift in Sources */,
				458561D62359A2AE00473A76 /* UIViewController+Extension.swift in Sources */,
				458561D72359A2AE00473A76 /* ViewController.swift in Sources */,
				458561D82359A2AE00473A76 /* AppDelegate.swift in Sources */,
				4520D02123A220EE00A7A650 /* LoginInteractor.swift in Sources */,
				458561D92359A2AE00473A76 /* UIColor+Extension.swift in Sources */,
				458561DA2359A2AE00473A76 /* ConfigViewController.swift in Sources */,
				45A9132A23C4C9E60079890A /* WidgetViewController.swift in Sources */,
				458561DB2359A2AE00473A76 /* Environment.swift in Sources */,
			);
			runOnlyForDeploymentPostprocessing = 0;
		};
		AB72D9D722E06E2100FB164F /* Sources */ = {
			isa = PBXSourcesBuildPhase;
			buildActionMask = 2147483647;
			files = (
				45919C2C2344A49B0031DE4C /* CTAExampleController.swift in Sources */,
				45D97EEC2333802F00E9EA61 /* UIViewController+Extension.swift in Sources */,
				AB72D9D822E06E2100FB164F /* ViewController.swift in Sources */,
				AB72D9D922E06E2100FB164F /* AppDelegate.swift in Sources */,
				4520D01F23A220EE00A7A650 /* LoginInteractor.swift in Sources */,
				AB72D9DB22E06E2100FB164F /* UIColor+Extension.swift in Sources */,
				45D97EE923337FF700E9EA61 /* ConfigViewController.swift in Sources */,
				45A9132823C4C9E60079890A /* WidgetViewController.swift in Sources */,
				AB58BDDA22E0706400DA537C /* Environment.swift in Sources */,
			);
			runOnlyForDeploymentPostprocessing = 0;
		};
		AB72D9F022E06E3700FB164F /* Sources */ = {
			isa = PBXSourcesBuildPhase;
			buildActionMask = 2147483647;
			files = (
				AB72D9F122E06E3700FB164F /* ViewController.swift in Sources */,
				AB72D9F222E06E3700FB164F /* AppDelegate.swift in Sources */,
				45A9132923C4C9E60079890A /* WidgetViewController.swift in Sources */,
				45D97EEA23337FF700E9EA61 /* ConfigViewController.swift in Sources */,
				AB72D9F322E06E3700FB164F /* DemoRestClient.swift in Sources */,
				45D97EED2333802F00E9EA61 /* UIViewController+Extension.swift in Sources */,
				45919C2D2344A49B0031DE4C /* CTAExampleController.swift in Sources */,
				AB72D9F422E06E3700FB164F /* UIColor+Extension.swift in Sources */,
				AB58BDDC22E0707800DA537C /* Environment.swift in Sources */,
				4520D02023A220EE00A7A650 /* LoginInteractor.swift in Sources */,
			);
			runOnlyForDeploymentPostprocessing = 0;
		};
/* End PBXSourcesBuildPhase section */

/* Begin PBXVariantGroup section */
		607FACD91AFB9204008FA782 /* Main.storyboard */ = {
			isa = PBXVariantGroup;
			children = (
				607FACDA1AFB9204008FA782 /* Base */,
			);
			name = Main.storyboard;
			sourceTree = "<group>";
		};
		607FACDE1AFB9204008FA782 /* LaunchScreen.xib */ = {
			isa = PBXVariantGroup;
			children = (
				607FACDF1AFB9204008FA782 /* Base */,
			);
			name = LaunchScreen.xib;
			sourceTree = "<group>";
		};
		A38667B822DF4DB9005120C4 /* Localizable.strings */ = {
			isa = PBXVariantGroup;
			children = (
				A38667B722DF4DB9005120C4 /* en */,
				AB7A353222E58B610056E6FA /* es */,
			);
			name = Localizable.strings;
			sourceTree = "<group>";
		};
/* End PBXVariantGroup section */

/* Begin XCBuildConfiguration section */
		458561E82359A2AE00473A76 /* Debug */ = {
			isa = XCBuildConfiguration;
			baseConfigurationReference = 36FD61BCF551231F258D8A7C /* Pods-TimeLine_PRO.debug.xcconfig */;
			buildSettings = {
				ASSETCATALOG_COMPILER_APPICON_NAME = AppIcon;
				CODE_SIGN_IDENTITY = "iPhone Distribution";
				CODE_SIGN_STYLE = Manual;
				DEVELOPMENT_TEAM = R7SXCG38C3;
				INFOPLIST_FILE = "Info-PRO.plist";
				IPHONEOS_DEPLOYMENT_TARGET = 10.0;
				LD_RUNPATH_SEARCH_PATHS = "$(inherited) @executable_path/Frameworks";
				MARKETING_VERSION = "1.0.IB-569-hide-menu";
				MODULE_NAME = ExampleApp;
				PRODUCT_BUNDLE_IDENTIFIER = "com.santander.globile.IB-FinantialTimeline-iOS";
				PRODUCT_NAME = TimeLine;
				PROVISIONING_PROFILE_SPECIFIER = "Wildcard Santander Globile AdHoc - Xcode 11";
				SWIFT_SWIFT3_OBJC_INFERENCE = Default;
				SWIFT_VERSION = 5.0;
			};
			name = Debug;
		};
		458561E92359A2AE00473A76 /* Release */ = {
			isa = XCBuildConfiguration;
			baseConfigurationReference = 901614A20A7ACE152232F11A /* Pods-TimeLine_PRO.release.xcconfig */;
			buildSettings = {
				ASSETCATALOG_COMPILER_APPICON_NAME = AppIcon;
				CODE_SIGN_IDENTITY = "iPhone Distribution";
				CODE_SIGN_STYLE = Manual;
				DEVELOPMENT_TEAM = R7SXCG38C3;
				INFOPLIST_FILE = "Info-PRO.plist";
				IPHONEOS_DEPLOYMENT_TARGET = 10.0;
				LD_RUNPATH_SEARCH_PATHS = "$(inherited) @executable_path/Frameworks";
				MARKETING_VERSION = "1.0.IB-569-hide-menu";
				MODULE_NAME = ExampleApp;
				PRODUCT_BUNDLE_IDENTIFIER = "com.santander.globile.IB-FinantialTimeline-iOS";
				PRODUCT_NAME = TimeLine;
				PROVISIONING_PROFILE_SPECIFIER = "Wildcard Santander Globile AdHoc - Xcode 11";
				SWIFT_SWIFT3_OBJC_INFERENCE = Default;
				SWIFT_VERSION = 5.0;
			};
			name = Release;
		};
		607FACED1AFB9204008FA782 /* Debug */ = {
			isa = XCBuildConfiguration;
			buildSettings = {
				ALWAYS_SEARCH_USER_PATHS = NO;
				CLANG_CXX_LANGUAGE_STANDARD = "gnu++0x";
				CLANG_CXX_LIBRARY = "libc++";
				CLANG_ENABLE_MODULES = YES;
				CLANG_ENABLE_OBJC_ARC = YES;
				CLANG_WARN_BLOCK_CAPTURE_AUTORELEASING = YES;
				CLANG_WARN_BOOL_CONVERSION = YES;
				CLANG_WARN_COMMA = YES;
				CLANG_WARN_CONSTANT_CONVERSION = YES;
				CLANG_WARN_DIRECT_OBJC_ISA_USAGE = YES_ERROR;
				CLANG_WARN_EMPTY_BODY = YES;
				CLANG_WARN_ENUM_CONVERSION = YES;
				CLANG_WARN_INFINITE_RECURSION = YES;
				CLANG_WARN_INT_CONVERSION = YES;
				CLANG_WARN_NON_LITERAL_NULL_CONVERSION = YES;
				CLANG_WARN_OBJC_LITERAL_CONVERSION = YES;
				CLANG_WARN_OBJC_ROOT_CLASS = YES_ERROR;
				CLANG_WARN_RANGE_LOOP_ANALYSIS = YES;
				CLANG_WARN_STRICT_PROTOTYPES = YES;
				CLANG_WARN_SUSPICIOUS_MOVE = YES;
				CLANG_WARN_UNREACHABLE_CODE = YES;
				CLANG_WARN__DUPLICATE_METHOD_MATCH = YES;
				"CODE_SIGN_IDENTITY[sdk=iphoneos*]" = "iPhone Developer";
				COPY_PHASE_STRIP = NO;
				DEBUG_INFORMATION_FORMAT = "dwarf-with-dsym";
				ENABLE_STRICT_OBJC_MSGSEND = YES;
				ENABLE_TESTABILITY = YES;
				GCC_C_LANGUAGE_STANDARD = gnu99;
				GCC_DYNAMIC_NO_PIC = NO;
				GCC_NO_COMMON_BLOCKS = YES;
				GCC_OPTIMIZATION_LEVEL = 0;
				GCC_PREPROCESSOR_DEFINITIONS = (
					"DEBUG=1",
					"$(inherited)",
				);
				GCC_SYMBOLS_PRIVATE_EXTERN = NO;
				GCC_WARN_64_TO_32_BIT_CONVERSION = YES;
				GCC_WARN_ABOUT_RETURN_TYPE = YES_ERROR;
				GCC_WARN_UNDECLARED_SELECTOR = YES;
				GCC_WARN_UNINITIALIZED_AUTOS = YES_AGGRESSIVE;
				GCC_WARN_UNUSED_FUNCTION = YES;
				GCC_WARN_UNUSED_VARIABLE = YES;
				IPHONEOS_DEPLOYMENT_TARGET = 9.0;
				MTL_ENABLE_DEBUG_INFO = YES;
				ONLY_ACTIVE_ARCH = YES;
				SDKROOT = iphoneos;
				SWIFT_OPTIMIZATION_LEVEL = "-Onone";
			};
			name = Debug;
		};
		607FACEE1AFB9204008FA782 /* Release */ = {
			isa = XCBuildConfiguration;
			buildSettings = {
				ALWAYS_SEARCH_USER_PATHS = NO;
				CLANG_CXX_LANGUAGE_STANDARD = "gnu++0x";
				CLANG_CXX_LIBRARY = "libc++";
				CLANG_ENABLE_MODULES = YES;
				CLANG_ENABLE_OBJC_ARC = YES;
				CLANG_WARN_BLOCK_CAPTURE_AUTORELEASING = YES;
				CLANG_WARN_BOOL_CONVERSION = YES;
				CLANG_WARN_COMMA = YES;
				CLANG_WARN_CONSTANT_CONVERSION = YES;
				CLANG_WARN_DIRECT_OBJC_ISA_USAGE = YES_ERROR;
				CLANG_WARN_EMPTY_BODY = YES;
				CLANG_WARN_ENUM_CONVERSION = YES;
				CLANG_WARN_INFINITE_RECURSION = YES;
				CLANG_WARN_INT_CONVERSION = YES;
				CLANG_WARN_NON_LITERAL_NULL_CONVERSION = YES;
				CLANG_WARN_OBJC_LITERAL_CONVERSION = YES;
				CLANG_WARN_OBJC_ROOT_CLASS = YES_ERROR;
				CLANG_WARN_RANGE_LOOP_ANALYSIS = YES;
				CLANG_WARN_STRICT_PROTOTYPES = YES;
				CLANG_WARN_SUSPICIOUS_MOVE = YES;
				CLANG_WARN_UNREACHABLE_CODE = YES;
				CLANG_WARN__DUPLICATE_METHOD_MATCH = YES;
				"CODE_SIGN_IDENTITY[sdk=iphoneos*]" = "iPhone Developer";
				COPY_PHASE_STRIP = NO;
				DEBUG_INFORMATION_FORMAT = "dwarf-with-dsym";
				ENABLE_NS_ASSERTIONS = NO;
				ENABLE_STRICT_OBJC_MSGSEND = YES;
				GCC_C_LANGUAGE_STANDARD = gnu99;
				GCC_NO_COMMON_BLOCKS = YES;
				GCC_WARN_64_TO_32_BIT_CONVERSION = YES;
				GCC_WARN_ABOUT_RETURN_TYPE = YES_ERROR;
				GCC_WARN_UNDECLARED_SELECTOR = YES;
				GCC_WARN_UNINITIALIZED_AUTOS = YES_AGGRESSIVE;
				GCC_WARN_UNUSED_FUNCTION = YES;
				GCC_WARN_UNUSED_VARIABLE = YES;
				IPHONEOS_DEPLOYMENT_TARGET = 9.0;
				MTL_ENABLE_DEBUG_INFO = NO;
				SDKROOT = iphoneos;
				SWIFT_OPTIMIZATION_LEVEL = "-Owholemodule";
				VALIDATE_PRODUCT = YES;
			};
			name = Release;
		};
		AB72D9EA22E06E2100FB164F /* Debug */ = {
			isa = XCBuildConfiguration;
			baseConfigurationReference = C375B2DFC5AF0DD80AA77E31 /* Pods-TimeLine_PRE.debug.xcconfig */;
			buildSettings = {
				ASSETCATALOG_COMPILER_APPICON_NAME = AppIcon;
				CODE_SIGN_IDENTITY = "iPhone Developer";
				CODE_SIGN_STYLE = Manual;
				CURRENT_PROJECT_VERSION = 555;
				DEVELOPMENT_TEAM = R7SXCG38C3;
				INFOPLIST_FILE = Info.plist;
				IPHONEOS_DEPLOYMENT_TARGET = 10.0;
				LD_RUNPATH_SEARCH_PATHS = "$(inherited) @executable_path/Frameworks";
				MODULE_NAME = ExampleApp;
				PRODUCT_BUNDLE_IDENTIFIER = globile.timeline.example.pre;
				PRODUCT_NAME = "$(TARGET_NAME)";
				PROVISIONING_PROFILE_SPECIFIER = "Wildcard Globile";
				SWIFT_SWIFT3_OBJC_INFERENCE = Default;
				SWIFT_VERSION = 5.0;
			};
			name = Debug;
		};
		AB72D9EB22E06E2100FB164F /* Release */ = {
			isa = XCBuildConfiguration;
			baseConfigurationReference = E6423AD29F619AB7FE1741E8 /* Pods-TimeLine_PRE.release.xcconfig */;
			buildSettings = {
				ASSETCATALOG_COMPILER_APPICON_NAME = AppIcon;
				CODE_SIGN_IDENTITY = "iPhone Developer";
				CODE_SIGN_STYLE = Manual;
				CURRENT_PROJECT_VERSION = 555;
				DEVELOPMENT_TEAM = R7SXCG38C3;
				INFOPLIST_FILE = Info.plist;
				IPHONEOS_DEPLOYMENT_TARGET = 10.0;
				LD_RUNPATH_SEARCH_PATHS = "$(inherited) @executable_path/Frameworks";
				MODULE_NAME = ExampleApp;
				PRODUCT_BUNDLE_IDENTIFIER = globile.timeline.example.pre;
				PRODUCT_NAME = "$(TARGET_NAME)";
				PROVISIONING_PROFILE_SPECIFIER = "Wildcard Globile";
				SWIFT_SWIFT3_OBJC_INFERENCE = Default;
				SWIFT_VERSION = 5.0;
			};
			name = Release;
		};
		AB72DA0322E06E3700FB164F /* Debug */ = {
			isa = XCBuildConfiguration;
			baseConfigurationReference = E926C829D3072F36C8E4034C /* Pods-TimeLine_DEMO.debug.xcconfig */;
			buildSettings = {
				ASSETCATALOG_COMPILER_APPICON_NAME = AppIcon;
				CODE_SIGN_IDENTITY = "Apple Development";
				CODE_SIGN_STYLE = Automatic;
				DEVELOPMENT_TEAM = R7SXCG38C3;
				INFOPLIST_FILE = "Info-DEMO.plist";
				IPHONEOS_DEPLOYMENT_TARGET = 10.0;
				LD_RUNPATH_SEARCH_PATHS = "$(inherited) @executable_path/Frameworks";
				MODULE_NAME = ExampleApp;
				PRODUCT_BUNDLE_IDENTIFIER = com.globile.timeline.example.demo;
				PRODUCT_NAME = "$(TARGET_NAME)";
				PROVISIONING_PROFILE_SPECIFIER = "";
				SWIFT_SWIFT3_OBJC_INFERENCE = Default;
				SWIFT_VERSION = 5.0;
			};
			name = Debug;
		};
		AB72DA0422E06E3700FB164F /* Release */ = {
			isa = XCBuildConfiguration;
			baseConfigurationReference = D2E006DE39A0F77CBE88B392 /* Pods-TimeLine_DEMO.release.xcconfig */;
			buildSettings = {
				ASSETCATALOG_COMPILER_APPICON_NAME = AppIcon;
				CODE_SIGN_IDENTITY = "Apple Development";
				CODE_SIGN_STYLE = Automatic;
				DEVELOPMENT_TEAM = R7SXCG38C3;
				INFOPLIST_FILE = "Info-DEMO.plist";
				IPHONEOS_DEPLOYMENT_TARGET = 10.0;
				LD_RUNPATH_SEARCH_PATHS = "$(inherited) @executable_path/Frameworks";
				MODULE_NAME = ExampleApp;
				PRODUCT_BUNDLE_IDENTIFIER = com.globile.timeline.example.demo;
				PRODUCT_NAME = "$(TARGET_NAME)";
				PROVISIONING_PROFILE_SPECIFIER = "";
				SWIFT_SWIFT3_OBJC_INFERENCE = Default;
				SWIFT_VERSION = 5.0;
			};
			name = Release;
		};
/* End XCBuildConfiguration section */

/* Begin XCConfigurationList section */
		458561E72359A2AE00473A76 /* Build configuration list for PBXNativeTarget "TimeLine_PRO" */ = {
			isa = XCConfigurationList;
			buildConfigurations = (
				458561E82359A2AE00473A76 /* Debug */,
				458561E92359A2AE00473A76 /* Release */,
			);
			defaultConfigurationIsVisible = 0;
			defaultConfigurationName = Release;
		};
		607FACCB1AFB9204008FA782 /* Build configuration list for PBXProject "IB-FinantialTimeline-iOS" */ = {
			isa = XCConfigurationList;
			buildConfigurations = (
				607FACED1AFB9204008FA782 /* Debug */,
				607FACEE1AFB9204008FA782 /* Release */,
			);
			defaultConfigurationIsVisible = 0;
			defaultConfigurationName = Release;
		};
		AB72D9E922E06E2100FB164F /* Build configuration list for PBXNativeTarget "TimeLine_PRE" */ = {
			isa = XCConfigurationList;
			buildConfigurations = (
				AB72D9EA22E06E2100FB164F /* Debug */,
				AB72D9EB22E06E2100FB164F /* Release */,
			);
			defaultConfigurationIsVisible = 0;
			defaultConfigurationName = Release;
		};
		AB72DA0222E06E3700FB164F /* Build configuration list for PBXNativeTarget "TimeLine_DEMO" */ = {
			isa = XCConfigurationList;
			buildConfigurations = (
				AB72DA0322E06E3700FB164F /* Debug */,
				AB72DA0422E06E3700FB164F /* Release */,
			);
			defaultConfigurationIsVisible = 0;
			defaultConfigurationName = Release;
		};
/* End XCConfigurationList section */
	};
	rootObject = 607FACC81AFB9204008FA782 /* Project object */;
}
