// !$*UTF8*$!
{
	archiveVersion = 1;
	classes = {
	};
	objectVersion = 46;
	objects = {

/* Begin PBXBuildFile section */
		33E688DB253D66A400FC52DD /* Bills_ExampleTests.swift in Sources */ = {isa = PBXBuildFile; fileRef = 33E688DA253D66A400FC52DD /* Bills_ExampleTests.swift */; };
		607FACD61AFB9204008FA782 /* AppDelegate.swift in Sources */ = {isa = PBXBuildFile; fileRef = 607FACD51AFB9204008FA782 /* AppDelegate.swift */; };
		607FACD81AFB9204008FA782 /* ViewController.swift in Sources */ = {isa = PBXBuildFile; fileRef = 607FACD71AFB9204008FA782 /* ViewController.swift */; };
		607FACDB1AFB9204008FA782 /* Main.storyboard in Resources */ = {isa = PBXBuildFile; fileRef = 607FACD91AFB9204008FA782 /* Main.storyboard */; };
		607FACDD1AFB9204008FA782 /* Images.xcassets in Resources */ = {isa = PBXBuildFile; fileRef = 607FACDC1AFB9204008FA782 /* Images.xcassets */; };
		607FACE01AFB9204008FA782 /* LaunchScreen.xib in Resources */ = {isa = PBXBuildFile; fileRef = 607FACDE1AFB9204008FA782 /* LaunchScreen.xib */; };
		82C09ED8271D9C12007B546B /* fr.strings in Resources */ = {isa = PBXBuildFile; fileRef = 82C09ECC271D9C11007B546B /* fr.strings */; };
		82C09ED9271D9C12007B546B /* it.strings in Resources */ = {isa = PBXBuildFile; fileRef = 82C09ECD271D9C11007B546B /* it.strings */; };
		82C09EDA271D9C12007B546B /* gl.strings in Resources */ = {isa = PBXBuildFile; fileRef = 82C09ECE271D9C12007B546B /* gl.strings */; };
		82C09EDB271D9C12007B546B /* zu.strings in Resources */ = {isa = PBXBuildFile; fileRef = 82C09ECF271D9C12007B546B /* zu.strings */; };
		82C09EDC271D9C12007B546B /* en.strings in Resources */ = {isa = PBXBuildFile; fileRef = 82C09ED0271D9C12007B546B /* en.strings */; };
		82C09EDD271D9C12007B546B /* ca.strings in Resources */ = {isa = PBXBuildFile; fileRef = 82C09ED1271D9C12007B546B /* ca.strings */; };
		82C09EDE271D9C12007B546B /* pl.strings in Resources */ = {isa = PBXBuildFile; fileRef = 82C09ED2271D9C12007B546B /* pl.strings */; };
		82C09EDF271D9C12007B546B /* eu.strings in Resources */ = {isa = PBXBuildFile; fileRef = 82C09ED3271D9C12007B546B /* eu.strings */; };
		82C09EE0271D9C12007B546B /* pj.strings in Resources */ = {isa = PBXBuildFile; fileRef = 82C09ED4271D9C12007B546B /* pj.strings */; };
		82C09EE1271D9C12007B546B /* pt.strings in Resources */ = {isa = PBXBuildFile; fileRef = 82C09ED5271D9C12007B546B /* pt.strings */; };
		82C09EE2271D9C12007B546B /* es.strings in Resources */ = {isa = PBXBuildFile; fileRef = 82C09ED6271D9C12007B546B /* es.strings */; };
		82C09EE3271D9C12007B546B /* de.strings in Resources */ = {isa = PBXBuildFile; fileRef = 82C09ED7271D9C12007B546B /* de.strings */; };
		87E402C72579082E00170595 /* DirectDebitCoordinatorDelegateMock.swift in Sources */ = {isa = PBXBuildFile; fileRef = 87E402C62579082E00170595 /* DirectDebitCoordinatorDelegateMock.swift */; };
		87E4031F25790DEE00170595 /* local_1 in Resources */ = {isa = PBXBuildFile; fileRef = 87E4031E25790DEE00170595 /* local_1 */; };
		88EE53FC6EE11E0568396871 /* Pods_Bills_ExampleTests.framework in Frameworks */ = {isa = PBXBuildFile; fileRef = 0561A02C0528BC11A646FA18 /* Pods_Bills_ExampleTests.framework */; };
		BB579BDB1F8CEEE81436189F /* Pods_Bills_Example.framework in Frameworks */ = {isa = PBXBuildFile; fileRef = 13FCE6F8584BFA150703FBC3 /* Pods_Bills_Example.framework */; };
/* End PBXBuildFile section */

/* Begin PBXContainerItemProxy section */
		33E688DD253D66A400FC52DD /* PBXContainerItemProxy */ = {
			isa = PBXContainerItemProxy;
			containerPortal = 607FACC81AFB9204008FA782 /* Project object */;
			proxyType = 1;
			remoteGlobalIDString = 607FACCF1AFB9204008FA782;
			remoteInfo = Bills_Example;
		};
/* End PBXContainerItemProxy section */

/* Begin PBXFileReference section */
		0561A02C0528BC11A646FA18 /* Pods_Bills_ExampleTests.framework */ = {isa = PBXFileReference; explicitFileType = wrapper.framework; includeInIndex = 0; path = Pods_Bills_ExampleTests.framework; sourceTree = BUILT_PRODUCTS_DIR; };
		13FCE6F8584BFA150703FBC3 /* Pods_Bills_Example.framework */ = {isa = PBXFileReference; explicitFileType = wrapper.framework; includeInIndex = 0; path = Pods_Bills_Example.framework; sourceTree = BUILT_PRODUCTS_DIR; };
		247C43D4408404F91B9FC57F /* LICENSE */ = {isa = PBXFileReference; includeInIndex = 1; lastKnownFileType = text; name = LICENSE; path = ../LICENSE; sourceTree = "<group>"; };
		33E688D8253D66A400FC52DD /* Bills_ExampleTests.xctest */ = {isa = PBXFileReference; explicitFileType = wrapper.cfbundle; includeInIndex = 0; path = Bills_ExampleTests.xctest; sourceTree = BUILT_PRODUCTS_DIR; };
		33E688DA253D66A400FC52DD /* Bills_ExampleTests.swift */ = {isa = PBXFileReference; lastKnownFileType = sourcecode.swift; path = Bills_ExampleTests.swift; sourceTree = "<group>"; };
		33E688DC253D66A400FC52DD /* Info.plist */ = {isa = PBXFileReference; lastKnownFileType = text.plist.xml; path = Info.plist; sourceTree = "<group>"; };
		5E41C2BAFFA402D70B9B7CD7 /* Pods-Bills_Example.release.xcconfig */ = {isa = PBXFileReference; includeInIndex = 1; lastKnownFileType = text.xcconfig; name = "Pods-Bills_Example.release.xcconfig"; path = "Target Support Files/Pods-Bills_Example/Pods-Bills_Example.release.xcconfig"; sourceTree = "<group>"; };
		607FACD01AFB9204008FA782 /* Bills_Example.app */ = {isa = PBXFileReference; explicitFileType = wrapper.application; includeInIndex = 0; path = Bills_Example.app; sourceTree = BUILT_PRODUCTS_DIR; };
		607FACD41AFB9204008FA782 /* Info.plist */ = {isa = PBXFileReference; lastKnownFileType = text.plist.xml; path = Info.plist; sourceTree = "<group>"; };
		607FACD51AFB9204008FA782 /* AppDelegate.swift */ = {isa = PBXFileReference; lastKnownFileType = sourcecode.swift; path = AppDelegate.swift; sourceTree = "<group>"; };
		607FACD71AFB9204008FA782 /* ViewController.swift */ = {isa = PBXFileReference; lastKnownFileType = sourcecode.swift; path = ViewController.swift; sourceTree = "<group>"; };
		607FACDA1AFB9204008FA782 /* Base */ = {isa = PBXFileReference; lastKnownFileType = file.storyboard; name = Base; path = Base.lproj/Main.storyboard; sourceTree = "<group>"; };
		607FACDC1AFB9204008FA782 /* Images.xcassets */ = {isa = PBXFileReference; lastKnownFileType = folder.assetcatalog; path = Images.xcassets; sourceTree = "<group>"; };
		607FACDF1AFB9204008FA782 /* Base */ = {isa = PBXFileReference; lastKnownFileType = file.xib; name = Base; path = Base.lproj/LaunchScreen.xib; sourceTree = "<group>"; };
		82C09ECC271D9C11007B546B /* fr.strings */ = {isa = PBXFileReference; fileEncoding = 4; lastKnownFileType = text.plist.strings; name = fr.strings; path = ../../../i18n/clients/iOS/fr.strings; sourceTree = "<group>"; };
		82C09ECD271D9C11007B546B /* it.strings */ = {isa = PBXFileReference; fileEncoding = 4; lastKnownFileType = text.plist.strings; name = it.strings; path = ../../../i18n/clients/iOS/it.strings; sourceTree = "<group>"; };
		82C09ECE271D9C12007B546B /* gl.strings */ = {isa = PBXFileReference; fileEncoding = 4; lastKnownFileType = text.plist.strings; name = gl.strings; path = ../../../i18n/clients/iOS/gl.strings; sourceTree = "<group>"; };
		82C09ECF271D9C12007B546B /* zu.strings */ = {isa = PBXFileReference; fileEncoding = 4; lastKnownFileType = text.plist.strings; name = zu.strings; path = ../../../i18n/clients/iOS/zu.strings; sourceTree = "<group>"; };
		82C09ED0271D9C12007B546B /* en.strings */ = {isa = PBXFileReference; fileEncoding = 4; lastKnownFileType = text.plist.strings; name = en.strings; path = ../../../i18n/clients/iOS/en.strings; sourceTree = "<group>"; };
		82C09ED1271D9C12007B546B /* ca.strings */ = {isa = PBXFileReference; fileEncoding = 4; lastKnownFileType = text.plist.strings; name = ca.strings; path = ../../../i18n/clients/iOS/ca.strings; sourceTree = "<group>"; };
		82C09ED2271D9C12007B546B /* pl.strings */ = {isa = PBXFileReference; fileEncoding = 4; lastKnownFileType = text.plist.strings; name = pl.strings; path = ../../../i18n/clients/iOS/pl.strings; sourceTree = "<group>"; };
		82C09ED3271D9C12007B546B /* eu.strings */ = {isa = PBXFileReference; fileEncoding = 4; lastKnownFileType = text.plist.strings; name = eu.strings; path = ../../../i18n/clients/iOS/eu.strings; sourceTree = "<group>"; };
		82C09ED4271D9C12007B546B /* pj.strings */ = {isa = PBXFileReference; fileEncoding = 4; lastKnownFileType = text.plist.strings; name = pj.strings; path = ../../../i18n/clients/iOS/pj.strings; sourceTree = "<group>"; };
		82C09ED5271D9C12007B546B /* pt.strings */ = {isa = PBXFileReference; fileEncoding = 4; lastKnownFileType = text.plist.strings; name = pt.strings; path = ../../../i18n/clients/iOS/pt.strings; sourceTree = "<group>"; };
		82C09ED6271D9C12007B546B /* es.strings */ = {isa = PBXFileReference; fileEncoding = 4; lastKnownFileType = text.plist.strings; name = es.strings; path = ../../../i18n/clients/iOS/es.strings; sourceTree = "<group>"; };
		82C09ED7271D9C12007B546B /* de.strings */ = {isa = PBXFileReference; fileEncoding = 4; lastKnownFileType = text.plist.strings; name = de.strings; path = ../../../i18n/clients/iOS/de.strings; sourceTree = "<group>"; };
		87E402C62579082E00170595 /* DirectDebitCoordinatorDelegateMock.swift */ = {isa = PBXFileReference; lastKnownFileType = sourcecode.swift; path = DirectDebitCoordinatorDelegateMock.swift; sourceTree = "<group>"; };
		87E4031E25790DEE00170595 /* local_1 */ = {isa = PBXFileReference; lastKnownFileType = folder; name = local_1; path = ../../assetsLocal/local_1; sourceTree = "<group>"; };
		99B56B2F7B646656E701D0BF /* Pods-Bills_Example.debug.xcconfig */ = {isa = PBXFileReference; includeInIndex = 1; lastKnownFileType = text.xcconfig; name = "Pods-Bills_Example.debug.xcconfig"; path = "Target Support Files/Pods-Bills_Example/Pods-Bills_Example.debug.xcconfig"; sourceTree = "<group>"; };
		9F502AD813A2FD70EA030724 /* README.md */ = {isa = PBXFileReference; includeInIndex = 1; lastKnownFileType = net.daringfireball.markdown; name = README.md; path = ../README.md; sourceTree = "<group>"; };
		AE4C1141DDF94C88B9F10850 /* Pods-Bills_ExampleTests.release.xcconfig */ = {isa = PBXFileReference; includeInIndex = 1; lastKnownFileType = text.xcconfig; name = "Pods-Bills_ExampleTests.release.xcconfig"; path = "Target Support Files/Pods-Bills_ExampleTests/Pods-Bills_ExampleTests.release.xcconfig"; sourceTree = "<group>"; };
		B75AB531028AFC533B4D328C /* Pods-Bills_ExampleTests.debug.xcconfig */ = {isa = PBXFileReference; includeInIndex = 1; lastKnownFileType = text.xcconfig; name = "Pods-Bills_ExampleTests.debug.xcconfig"; path = "Target Support Files/Pods-Bills_ExampleTests/Pods-Bills_ExampleTests.debug.xcconfig"; sourceTree = "<group>"; };
		BF616A92B21AABC26ED752E2 /* Bills.podspec */ = {isa = PBXFileReference; includeInIndex = 1; lastKnownFileType = text; name = Bills.podspec; path = ../Bills.podspec; sourceTree = "<group>"; xcLanguageSpecificationIdentifier = xcode.lang.ruby; };
/* End PBXFileReference section */

/* Begin PBXFrameworksBuildPhase section */
		33E688D5253D66A400FC52DD /* Frameworks */ = {
			isa = PBXFrameworksBuildPhase;
			buildActionMask = 2147483647;
			files = (
				88EE53FC6EE11E0568396871 /* Pods_Bills_ExampleTests.framework in Frameworks */,
			);
			runOnlyForDeploymentPostprocessing = 0;
		};
		607FACCD1AFB9204008FA782 /* Frameworks */ = {
			isa = PBXFrameworksBuildPhase;
			buildActionMask = 2147483647;
			files = (
				BB579BDB1F8CEEE81436189F /* Pods_Bills_Example.framework in Frameworks */,
			);
			runOnlyForDeploymentPostprocessing = 0;
		};
/* End PBXFrameworksBuildPhase section */

/* Begin PBXGroup section */
		33E688D9253D66A400FC52DD /* Bills_ExampleTests */ = {
			isa = PBXGroup;
			children = (
				33E688DA253D66A400FC52DD /* Bills_ExampleTests.swift */,
				33E688DC253D66A400FC52DD /* Info.plist */,
			);
			path = Bills_ExampleTests;
			sourceTree = "<group>";
		};
		607FACC71AFB9204008FA782 = {
			isa = PBXGroup;
			children = (
				87E4031E25790DEE00170595 /* local_1 */,
				607FACF51AFB993E008FA782 /* Podspec Metadata */,
				607FACD21AFB9204008FA782 /* Example for Bills */,
				33E688D9253D66A400FC52DD /* Bills_ExampleTests */,
				607FACD11AFB9204008FA782 /* Products */,
				AD5B4091AD60A2683A92D5F2 /* Pods */,
				E4C0E366BD3B5443809012F3 /* Frameworks */,
			);
			sourceTree = "<group>";
		};
		607FACD11AFB9204008FA782 /* Products */ = {
			isa = PBXGroup;
			children = (
				607FACD01AFB9204008FA782 /* Bills_Example.app */,
				33E688D8253D66A400FC52DD /* Bills_ExampleTests.xctest */,
			);
			name = Products;
			sourceTree = "<group>";
		};
		607FACD21AFB9204008FA782 /* Example for Bills */ = {
			isa = PBXGroup;
			children = (
				87E402F82579090100170595 /* Mocks */,
				87E402CA2579087A00170595 /* strings */,
				607FACD51AFB9204008FA782 /* AppDelegate.swift */,
				607FACD71AFB9204008FA782 /* ViewController.swift */,
				607FACD91AFB9204008FA782 /* Main.storyboard */,
				607FACDC1AFB9204008FA782 /* Images.xcassets */,
				607FACDE1AFB9204008FA782 /* LaunchScreen.xib */,
				607FACD31AFB9204008FA782 /* Supporting Files */,
			);
			name = "Example for Bills";
			path = Bills;
			sourceTree = "<group>";
		};
		607FACD31AFB9204008FA782 /* Supporting Files */ = {
			isa = PBXGroup;
			children = (
				607FACD41AFB9204008FA782 /* Info.plist */,
			);
			name = "Supporting Files";
			sourceTree = "<group>";
		};
		607FACF51AFB993E008FA782 /* Podspec Metadata */ = {
			isa = PBXGroup;
			children = (
				BF616A92B21AABC26ED752E2 /* Bills.podspec */,
				9F502AD813A2FD70EA030724 /* README.md */,
				247C43D4408404F91B9FC57F /* LICENSE */,
			);
			name = "Podspec Metadata";
			sourceTree = "<group>";
		};
		87E402CA2579087A00170595 /* strings */ = {
			isa = PBXGroup;
			children = (
				82C09ED1271D9C12007B546B /* ca.strings */,
				82C09ED7271D9C12007B546B /* de.strings */,
				82C09ED0271D9C12007B546B /* en.strings */,
				82C09ED6271D9C12007B546B /* es.strings */,
				82C09ED3271D9C12007B546B /* eu.strings */,
				82C09ECC271D9C11007B546B /* fr.strings */,
				82C09ECE271D9C12007B546B /* gl.strings */,
				82C09ECD271D9C11007B546B /* it.strings */,
				82C09ED4271D9C12007B546B /* pj.strings */,
				82C09ED2271D9C12007B546B /* pl.strings */,
				82C09ED5271D9C12007B546B /* pt.strings */,
				82C09ECF271D9C12007B546B /* zu.strings */,
			);
			name = strings;
			sourceTree = "<group>";
		};
		87E402F82579090100170595 /* Mocks */ = {
			isa = PBXGroup;
			children = (
				87E402C62579082E00170595 /* DirectDebitCoordinatorDelegateMock.swift */,
			);
			path = Mocks;
			sourceTree = "<group>";
		};
		AD5B4091AD60A2683A92D5F2 /* Pods */ = {
			isa = PBXGroup;
			children = (
				99B56B2F7B646656E701D0BF /* Pods-Bills_Example.debug.xcconfig */,
				5E41C2BAFFA402D70B9B7CD7 /* Pods-Bills_Example.release.xcconfig */,
				B75AB531028AFC533B4D328C /* Pods-Bills_ExampleTests.debug.xcconfig */,
				AE4C1141DDF94C88B9F10850 /* Pods-Bills_ExampleTests.release.xcconfig */,
			);
			path = Pods;
			sourceTree = "<group>";
		};
		E4C0E366BD3B5443809012F3 /* Frameworks */ = {
			isa = PBXGroup;
			children = (
				13FCE6F8584BFA150703FBC3 /* Pods_Bills_Example.framework */,
				0561A02C0528BC11A646FA18 /* Pods_Bills_ExampleTests.framework */,
			);
			name = Frameworks;
			sourceTree = "<group>";
		};
/* End PBXGroup section */

/* Begin PBXNativeTarget section */
		33E688D7253D66A400FC52DD /* Bills_ExampleTests */ = {
			isa = PBXNativeTarget;
			buildConfigurationList = 33E688E1253D66A500FC52DD /* Build configuration list for PBXNativeTarget "Bills_ExampleTests" */;
			buildPhases = (
				CDAFFF88929C31ED3CB1A1B5 /* [CP] Check Pods Manifest.lock */,
				33E688D4253D66A400FC52DD /* Sources */,
				33E688D5253D66A400FC52DD /* Frameworks */,
				33E688D6253D66A400FC52DD /* Resources */,
				C75FA28498F761F32B209B22 /* [CP] Embed Pods Frameworks */,
			);
			buildRules = (
			);
			dependencies = (
				33E688DE253D66A400FC52DD /* PBXTargetDependency */,
			);
			name = Bills_ExampleTests;
			productName = Bills_ExampleTests;
			productReference = 33E688D8253D66A400FC52DD /* Bills_ExampleTests.xctest */;
			productType = "com.apple.product-type.bundle.unit-test";
		};
		607FACCF1AFB9204008FA782 /* Bills_Example */ = {
			isa = PBXNativeTarget;
			buildConfigurationList = 607FACEF1AFB9204008FA782 /* Build configuration list for PBXNativeTarget "Bills_Example" */;
			buildPhases = (
				70D40AC6AFD135F990578BD6 /* [CP] Check Pods Manifest.lock */,
				607FACCC1AFB9204008FA782 /* Sources */,
				607FACCD1AFB9204008FA782 /* Frameworks */,
				607FACCE1AFB9204008FA782 /* Resources */,
				F8F5D788728BA6D666A71AB4 /* [CP] Embed Pods Frameworks */,
			);
			buildRules = (
			);
			dependencies = (
			);
			name = Bills_Example;
			productName = Bills;
			productReference = 607FACD01AFB9204008FA782 /* Bills_Example.app */;
			productType = "com.apple.product-type.application";
		};
/* End PBXNativeTarget section */

/* Begin PBXProject section */
		607FACC81AFB9204008FA782 /* Project object */ = {
			isa = PBXProject;
			attributes = {
				LastSwiftUpdateCheck = 1130;
				LastUpgradeCheck = 0830;
				ORGANIZATIONNAME = CocoaPods;
				TargetAttributes = {
					33E688D7253D66A400FC52DD = {
						CreatedOnToolsVersion = 11.3.1;
						DevelopmentTeam = JFX6PVNK48;
						ProvisioningStyle = Automatic;
						TestTargetID = 607FACCF1AFB9204008FA782;
					};
					607FACCF1AFB9204008FA782 = {
						CreatedOnToolsVersion = 6.3.1;
						DevelopmentTeam = JFX6PVNK48;
						LastSwiftMigration = 0900;
					};
				};
			};
			buildConfigurationList = 607FACCB1AFB9204008FA782 /* Build configuration list for PBXProject "Bills" */;
			compatibilityVersion = "Xcode 3.2";
			developmentRegion = English;
			hasScannedForEncodings = 0;
			knownRegions = (
				English,
				en,
				Base,
			);
			mainGroup = 607FACC71AFB9204008FA782;
			productRefGroup = 607FACD11AFB9204008FA782 /* Products */;
			projectDirPath = "";
			projectRoot = "";
			targets = (
				607FACCF1AFB9204008FA782 /* Bills_Example */,
				33E688D7253D66A400FC52DD /* Bills_ExampleTests */,
			);
		};
/* End PBXProject section */

/* Begin PBXResourcesBuildPhase section */
		33E688D6253D66A400FC52DD /* Resources */ = {
			isa = PBXResourcesBuildPhase;
			buildActionMask = 2147483647;
			files = (
			);
			runOnlyForDeploymentPostprocessing = 0;
		};
		607FACCE1AFB9204008FA782 /* Resources */ = {
			isa = PBXResourcesBuildPhase;
			buildActionMask = 2147483647;
			files = (
				82C09EDF271D9C12007B546B /* eu.strings in Resources */,
				82C09EDA271D9C12007B546B /* gl.strings in Resources */,
				82C09EE2271D9C12007B546B /* es.strings in Resources */,
				82C09EE1271D9C12007B546B /* pt.strings in Resources */,
				82C09EDB271D9C12007B546B /* zu.strings in Resources */,
				87E4031F25790DEE00170595 /* local_1 in Resources */,
				82C09ED9271D9C12007B546B /* it.strings in Resources */,
				607FACDB1AFB9204008FA782 /* Main.storyboard in Resources */,
				607FACE01AFB9204008FA782 /* LaunchScreen.xib in Resources */,
				82C09EDC271D9C12007B546B /* en.strings in Resources */,
				82C09EE0271D9C12007B546B /* pj.strings in Resources */,
				82C09EE3271D9C12007B546B /* de.strings in Resources */,
				607FACDD1AFB9204008FA782 /* Images.xcassets in Resources */,
				82C09EDD271D9C12007B546B /* ca.strings in Resources */,
				82C09ED8271D9C12007B546B /* fr.strings in Resources */,
				82C09EDE271D9C12007B546B /* pl.strings in Resources */,
			);
			runOnlyForDeploymentPostprocessing = 0;
		};
/* End PBXResourcesBuildPhase section */

/* Begin PBXShellScriptBuildPhase section */
		70D40AC6AFD135F990578BD6 /* [CP] Check Pods Manifest.lock */ = {
			isa = PBXShellScriptBuildPhase;
			buildActionMask = 2147483647;
			files = (
			);
			inputFileListPaths = (
			);
			inputPaths = (
				"${PODS_PODFILE_DIR_PATH}/Podfile.lock",
				"${PODS_ROOT}/Manifest.lock",
			);
			name = "[CP] Check Pods Manifest.lock";
			outputFileListPaths = (
			);
			outputPaths = (
				"$(DERIVED_FILE_DIR)/Pods-Bills_Example-checkManifestLockResult.txt",
			);
			runOnlyForDeploymentPostprocessing = 0;
			shellPath = /bin/sh;
			shellScript = "diff \"${PODS_PODFILE_DIR_PATH}/Podfile.lock\" \"${PODS_ROOT}/Manifest.lock\" > /dev/null\nif [ $? != 0 ] ; then\n    # print error to STDERR\n    echo \"error: The sandbox is not in sync with the Podfile.lock. Run 'pod install' or update your CocoaPods installation.\" >&2\n    exit 1\nfi\n# This output is used by Xcode 'outputs' to avoid re-running this script phase.\necho \"SUCCESS\" > \"${SCRIPT_OUTPUT_FILE_0}\"\n";
			showEnvVarsInLog = 0;
		};
		C75FA28498F761F32B209B22 /* [CP] Embed Pods Frameworks */ = {
			isa = PBXShellScriptBuildPhase;
			buildActionMask = 2147483647;
			files = (
			);
			inputPaths = (
				"${PODS_ROOT}/Target Support Files/Pods-Bills_ExampleTests/Pods-Bills_ExampleTests-frameworks.sh",
				"${BUILT_PRODUCTS_DIR}/CoreDomain/CoreDomain.framework",
				"${BUILT_PRODUCTS_DIR}/CoreFoundationLib/CoreFoundationLib.framework",
				"${BUILT_PRODUCTS_DIR}/CryptoSwift/CryptoSwift.framework",
				"${BUILT_PRODUCTS_DIR}/Fuzi/Fuzi.framework",
				"${BUILT_PRODUCTS_DIR}/Locker/Locker.framework",
				"${BUILT_PRODUCTS_DIR}/OpenCombine/OpenCombine.framework",
				"${BUILT_PRODUCTS_DIR}/OpenCombineDispatch/OpenCombineDispatch.framework",
				"${BUILT_PRODUCTS_DIR}/RxCombine/RxCombine.framework",
				"${BUILT_PRODUCTS_DIR}/RxRelay/RxRelay.framework",
				"${BUILT_PRODUCTS_DIR}/RxSwift/RxSwift.framework",
				"${BUILT_PRODUCTS_DIR}/SANLegacyLibrary/SANLegacyLibrary.framework",
				"${BUILT_PRODUCTS_DIR}/SQLCipher/SQLCipher.framework",
				"${BUILT_PRODUCTS_DIR}/SQLite.swift/SQLite.framework",
				"${BUILT_PRODUCTS_DIR}/SwiftyJSON/SwiftyJSON.framework",
				"${BUILT_PRODUCTS_DIR}/UnitTestCommons/UnitTestCommons.framework",
			);
			name = "[CP] Embed Pods Frameworks";
			outputPaths = (
				"${TARGET_BUILD_DIR}/${FRAMEWORKS_FOLDER_PATH}/CoreDomain.framework",
				"${TARGET_BUILD_DIR}/${FRAMEWORKS_FOLDER_PATH}/CoreFoundationLib.framework",
				"${TARGET_BUILD_DIR}/${FRAMEWORKS_FOLDER_PATH}/CryptoSwift.framework",
				"${TARGET_BUILD_DIR}/${FRAMEWORKS_FOLDER_PATH}/Fuzi.framework",
				"${TARGET_BUILD_DIR}/${FRAMEWORKS_FOLDER_PATH}/Locker.framework",
				"${TARGET_BUILD_DIR}/${FRAMEWORKS_FOLDER_PATH}/OpenCombine.framework",
				"${TARGET_BUILD_DIR}/${FRAMEWORKS_FOLDER_PATH}/OpenCombineDispatch.framework",
				"${TARGET_BUILD_DIR}/${FRAMEWORKS_FOLDER_PATH}/RxCombine.framework",
				"${TARGET_BUILD_DIR}/${FRAMEWORKS_FOLDER_PATH}/RxRelay.framework",
				"${TARGET_BUILD_DIR}/${FRAMEWORKS_FOLDER_PATH}/RxSwift.framework",
				"${TARGET_BUILD_DIR}/${FRAMEWORKS_FOLDER_PATH}/SANLegacyLibrary.framework",
				"${TARGET_BUILD_DIR}/${FRAMEWORKS_FOLDER_PATH}/SQLCipher.framework",
				"${TARGET_BUILD_DIR}/${FRAMEWORKS_FOLDER_PATH}/SQLite.framework",
				"${TARGET_BUILD_DIR}/${FRAMEWORKS_FOLDER_PATH}/SwiftyJSON.framework",
				"${TARGET_BUILD_DIR}/${FRAMEWORKS_FOLDER_PATH}/UnitTestCommons.framework",
			);
			runOnlyForDeploymentPostprocessing = 0;
			shellPath = /bin/sh;
			shellScript = "\"${PODS_ROOT}/Target Support Files/Pods-Bills_ExampleTests/Pods-Bills_ExampleTests-frameworks.sh\"\n";
			showEnvVarsInLog = 0;
		};
		CDAFFF88929C31ED3CB1A1B5 /* [CP] Check Pods Manifest.lock */ = {
			isa = PBXShellScriptBuildPhase;
			buildActionMask = 2147483647;
			files = (
			);
			inputFileListPaths = (
			);
			inputPaths = (
				"${PODS_PODFILE_DIR_PATH}/Podfile.lock",
				"${PODS_ROOT}/Manifest.lock",
			);
			name = "[CP] Check Pods Manifest.lock";
			outputFileListPaths = (
			);
			outputPaths = (
				"$(DERIVED_FILE_DIR)/Pods-Bills_ExampleTests-checkManifestLockResult.txt",
			);
			runOnlyForDeploymentPostprocessing = 0;
			shellPath = /bin/sh;
			shellScript = "diff \"${PODS_PODFILE_DIR_PATH}/Podfile.lock\" \"${PODS_ROOT}/Manifest.lock\" > /dev/null\nif [ $? != 0 ] ; then\n    # print error to STDERR\n    echo \"error: The sandbox is not in sync with the Podfile.lock. Run 'pod install' or update your CocoaPods installation.\" >&2\n    exit 1\nfi\n# This output is used by Xcode 'outputs' to avoid re-running this script phase.\necho \"SUCCESS\" > \"${SCRIPT_OUTPUT_FILE_0}\"\n";
			showEnvVarsInLog = 0;
		};
		F8F5D788728BA6D666A71AB4 /* [CP] Embed Pods Frameworks */ = {
			isa = PBXShellScriptBuildPhase;
			buildActionMask = 2147483647;
			files = (
			);
			inputPaths = (
				"${PODS_ROOT}/Target Support Files/Pods-Bills_Example/Pods-Bills_Example-frameworks.sh",
				"${BUILT_PRODUCTS_DIR}/Bills/Bills.framework",
				"${BUILT_PRODUCTS_DIR}/CoreDomain/CoreDomain.framework",
				"${BUILT_PRODUCTS_DIR}/CoreFoundationLib/CoreFoundationLib.framework",
				"${BUILT_PRODUCTS_DIR}/CorePushNotificationsService/CorePushNotificationsService.framework",
				"${BUILT_PRODUCTS_DIR}/CoreTestData/CoreTestData.framework",
				"${BUILT_PRODUCTS_DIR}/CryptoSwift/CryptoSwift.framework",
				"${BUILT_PRODUCTS_DIR}/Fuzi/Fuzi.framework",
				"${BUILT_PRODUCTS_DIR}/IQKeyboardManagerSwift/IQKeyboardManagerSwift.framework",
				"${BUILT_PRODUCTS_DIR}/Localization/Localization.framework",
				"${BUILT_PRODUCTS_DIR}/Locker/Locker.framework",
				"${BUILT_PRODUCTS_DIR}/Logger/Logger.framework",
				"${BUILT_PRODUCTS_DIR}/OpenCombine/OpenCombine.framework",
				"${BUILT_PRODUCTS_DIR}/OpenCombineDispatch/OpenCombineDispatch.framework",
				"${BUILT_PRODUCTS_DIR}/Operative/Operative.framework",
				"${BUILT_PRODUCTS_DIR}/QuickSetup/QuickSetup.framework",
				"${BUILT_PRODUCTS_DIR}/RxCombine/RxCombine.framework",
				"${BUILT_PRODUCTS_DIR}/RxRelay/RxRelay.framework",
				"${BUILT_PRODUCTS_DIR}/RxSwift/RxSwift.framework",
				"${BUILT_PRODUCTS_DIR}/SANLegacyLibrary/SANLegacyLibrary.framework",
				"${BUILT_PRODUCTS_DIR}/SANServicesLibrary/SANServicesLibrary.framework",
				"${BUILT_PRODUCTS_DIR}/SQLCipher/SQLCipher.framework",
				"${BUILT_PRODUCTS_DIR}/SQLite.swift/SQLite.framework",
				"${BUILT_PRODUCTS_DIR}/SwiftyGif/SwiftyGif.framework",
				"${BUILT_PRODUCTS_DIR}/SwiftyJSON/SwiftyJSON.framework",
				"${BUILT_PRODUCTS_DIR}/UI/UI.framework",
				"${BUILT_PRODUCTS_DIR}/UIOneComponents/UIOneComponents.framework",
				"${BUILT_PRODUCTS_DIR}/lottie-ios/Lottie.framework",
				"${BUILT_PRODUCTS_DIR}/youtube-ios-player-helper/youtube_ios_player_helper.framework",
			);
			name = "[CP] Embed Pods Frameworks";
			outputPaths = (
				"${TARGET_BUILD_DIR}/${FRAMEWORKS_FOLDER_PATH}/Bills.framework",
				"${TARGET_BUILD_DIR}/${FRAMEWORKS_FOLDER_PATH}/CoreDomain.framework",
				"${TARGET_BUILD_DIR}/${FRAMEWORKS_FOLDER_PATH}/CoreFoundationLib.framework",
				"${TARGET_BUILD_DIR}/${FRAMEWORKS_FOLDER_PATH}/CorePushNotificationsService.framework",
				"${TARGET_BUILD_DIR}/${FRAMEWORKS_FOLDER_PATH}/CoreTestData.framework",
				"${TARGET_BUILD_DIR}/${FRAMEWORKS_FOLDER_PATH}/CryptoSwift.framework",
				"${TARGET_BUILD_DIR}/${FRAMEWORKS_FOLDER_PATH}/Fuzi.framework",
				"${TARGET_BUILD_DIR}/${FRAMEWORKS_FOLDER_PATH}/IQKeyboardManagerSwift.framework",
				"${TARGET_BUILD_DIR}/${FRAMEWORKS_FOLDER_PATH}/Localization.framework",
				"${TARGET_BUILD_DIR}/${FRAMEWORKS_FOLDER_PATH}/Locker.framework",
				"${TARGET_BUILD_DIR}/${FRAMEWORKS_FOLDER_PATH}/Logger.framework",
				"${TARGET_BUILD_DIR}/${FRAMEWORKS_FOLDER_PATH}/OpenCombine.framework",
				"${TARGET_BUILD_DIR}/${FRAMEWORKS_FOLDER_PATH}/OpenCombineDispatch.framework",
				"${TARGET_BUILD_DIR}/${FRAMEWORKS_FOLDER_PATH}/Operative.framework",
				"${TARGET_BUILD_DIR}/${FRAMEWORKS_FOLDER_PATH}/QuickSetup.framework",
				"${TARGET_BUILD_DIR}/${FRAMEWORKS_FOLDER_PATH}/RxCombine.framework",
				"${TARGET_BUILD_DIR}/${FRAMEWORKS_FOLDER_PATH}/RxRelay.framework",
				"${TARGET_BUILD_DIR}/${FRAMEWORKS_FOLDER_PATH}/RxSwift.framework",
				"${TARGET_BUILD_DIR}/${FRAMEWORKS_FOLDER_PATH}/SANLegacyLibrary.framework",
				"${TARGET_BUILD_DIR}/${FRAMEWORKS_FOLDER_PATH}/SANServicesLibrary.framework",
				"${TARGET_BUILD_DIR}/${FRAMEWORKS_FOLDER_PATH}/SQLCipher.framework",
				"${TARGET_BUILD_DIR}/${FRAMEWORKS_FOLDER_PATH}/SQLite.framework",
				"${TARGET_BUILD_DIR}/${FRAMEWORKS_FOLDER_PATH}/SwiftyGif.framework",
				"${TARGET_BUILD_DIR}/${FRAMEWORKS_FOLDER_PATH}/SwiftyJSON.framework",
				"${TARGET_BUILD_DIR}/${FRAMEWORKS_FOLDER_PATH}/UI.framework",
				"${TARGET_BUILD_DIR}/${FRAMEWORKS_FOLDER_PATH}/UIOneComponents.framework",
				"${TARGET_BUILD_DIR}/${FRAMEWORKS_FOLDER_PATH}/Lottie.framework",
				"${TARGET_BUILD_DIR}/${FRAMEWORKS_FOLDER_PATH}/youtube_ios_player_helper.framework",
			);
			runOnlyForDeploymentPostprocessing = 0;
			shellPath = /bin/sh;
			shellScript = "\"${PODS_ROOT}/Target Support Files/Pods-Bills_Example/Pods-Bills_Example-frameworks.sh\"\n";
			showEnvVarsInLog = 0;
		};
/* End PBXShellScriptBuildPhase section */

/* Begin PBXSourcesBuildPhase section */
		33E688D4253D66A400FC52DD /* Sources */ = {
			isa = PBXSourcesBuildPhase;
			buildActionMask = 2147483647;
			files = (
				33E688DB253D66A400FC52DD /* Bills_ExampleTests.swift in Sources */,
			);
			runOnlyForDeploymentPostprocessing = 0;
		};
		607FACCC1AFB9204008FA782 /* Sources */ = {
			isa = PBXSourcesBuildPhase;
			buildActionMask = 2147483647;
			files = (
				607FACD81AFB9204008FA782 /* ViewController.swift in Sources */,
				607FACD61AFB9204008FA782 /* AppDelegate.swift in Sources */,
				87E402C72579082E00170595 /* DirectDebitCoordinatorDelegateMock.swift in Sources */,
			);
			runOnlyForDeploymentPostprocessing = 0;
		};
/* End PBXSourcesBuildPhase section */

/* Begin PBXTargetDependency section */
		33E688DE253D66A400FC52DD /* PBXTargetDependency */ = {
			isa = PBXTargetDependency;
			target = 607FACCF1AFB9204008FA782 /* Bills_Example */;
			targetProxy = 33E688DD253D66A400FC52DD /* PBXContainerItemProxy */;
		};
/* End PBXTargetDependency section */

/* Begin PBXVariantGroup section */
		607FACD91AFB9204008FA782 /* Main.storyboard */ = {
			isa = PBXVariantGroup;
			children = (
				607FACDA1AFB9204008FA782 /* Base */,
			);
			name = Main.storyboard;
			sourceTree = "<group>";
		};
		607FACDE1AFB9204008FA782 /* LaunchScreen.xib */ = {
			isa = PBXVariantGroup;
			children = (
				607FACDF1AFB9204008FA782 /* Base */,
			);
			name = LaunchScreen.xib;
			sourceTree = "<group>";
		};
/* End PBXVariantGroup section */

/* Begin XCBuildConfiguration section */
		33E688DF253D66A500FC52DD /* Debug */ = {
			isa = XCBuildConfiguration;
			baseConfigurationReference = B75AB531028AFC533B4D328C /* Pods-Bills_ExampleTests.debug.xcconfig */;
			buildSettings = {
				BUNDLE_LOADER = "$(TEST_HOST)";
				CLANG_ANALYZER_NONNULL = YES;
				CLANG_ANALYZER_NUMBER_OBJECT_CONVERSION = YES_AGGRESSIVE;
				CLANG_CXX_LANGUAGE_STANDARD = "gnu++14";
				CLANG_ENABLE_OBJC_WEAK = YES;
				CLANG_WARN_DEPRECATED_OBJC_IMPLEMENTATIONS = YES;
				CLANG_WARN_DOCUMENTATION_COMMENTS = YES;
				CLANG_WARN_OBJC_IMPLICIT_RETAIN_SELF = YES;
				CLANG_WARN_UNGUARDED_AVAILABILITY = YES_AGGRESSIVE;
				CODE_SIGN_STYLE = Automatic;
				DEBUG_INFORMATION_FORMAT = dwarf;
				DEVELOPMENT_TEAM = JFX6PVNK48;
				GCC_C_LANGUAGE_STANDARD = gnu11;
				INFOPLIST_FILE = Bills_ExampleTests/Info.plist;
				IPHONEOS_DEPLOYMENT_TARGET = 11.4;
				LD_RUNPATH_SEARCH_PATHS = "$(inherited) @executable_path/Frameworks @loader_path/Frameworks";
				MTL_ENABLE_DEBUG_INFO = INCLUDE_SOURCE;
				MTL_FAST_MATH = YES;
				PRODUCT_BUNDLE_IDENTIFIER = "es.ciber.AccountTests.Bills-ExampleTests";
				PRODUCT_NAME = "$(TARGET_NAME)";
				SWIFT_ACTIVE_COMPILATION_CONDITIONS = DEBUG;
				SWIFT_VERSION = 5.0;
				TARGETED_DEVICE_FAMILY = "1,2";
				TEST_HOST = "$(BUILT_PRODUCTS_DIR)/Bills_Example.app/Bills_Example";
			};
			name = Debug;
		};
		33E688E0253D66A500FC52DD /* Release */ = {
			isa = XCBuildConfiguration;
			baseConfigurationReference = AE4C1141DDF94C88B9F10850 /* Pods-Bills_ExampleTests.release.xcconfig */;
			buildSettings = {
				BUNDLE_LOADER = "$(TEST_HOST)";
				CLANG_ANALYZER_NONNULL = YES;
				CLANG_ANALYZER_NUMBER_OBJECT_CONVERSION = YES_AGGRESSIVE;
				CLANG_CXX_LANGUAGE_STANDARD = "gnu++14";
				CLANG_ENABLE_OBJC_WEAK = YES;
				CLANG_WARN_DEPRECATED_OBJC_IMPLEMENTATIONS = YES;
				CLANG_WARN_DOCUMENTATION_COMMENTS = YES;
				CLANG_WARN_OBJC_IMPLICIT_RETAIN_SELF = YES;
				CLANG_WARN_UNGUARDED_AVAILABILITY = YES_AGGRESSIVE;
				CODE_SIGN_STYLE = Automatic;
				DEVELOPMENT_TEAM = JFX6PVNK48;
				GCC_C_LANGUAGE_STANDARD = gnu11;
				INFOPLIST_FILE = Bills_ExampleTests/Info.plist;
				IPHONEOS_DEPLOYMENT_TARGET = 11.4;
				LD_RUNPATH_SEARCH_PATHS = "$(inherited) @executable_path/Frameworks @loader_path/Frameworks";
				MTL_FAST_MATH = YES;
				PRODUCT_BUNDLE_IDENTIFIER = "es.ciber.AccountTests.Bills-ExampleTests";
				PRODUCT_NAME = "$(TARGET_NAME)";
				SWIFT_VERSION = 5.0;
				TARGETED_DEVICE_FAMILY = "1,2";
				TEST_HOST = "$(BUILT_PRODUCTS_DIR)/Bills_Example.app/Bills_Example";
			};
			name = Release;
		};
		607FACED1AFB9204008FA782 /* Debug */ = {
			isa = XCBuildConfiguration;
			buildSettings = {
				ALWAYS_SEARCH_USER_PATHS = NO;
				CLANG_CXX_LANGUAGE_STANDARD = "gnu++0x";
				CLANG_CXX_LIBRARY = "libc++";
				CLANG_ENABLE_MODULES = YES;
				CLANG_ENABLE_OBJC_ARC = YES;
				CLANG_WARN_BLOCK_CAPTURE_AUTORELEASING = YES;
				CLANG_WARN_BOOL_CONVERSION = YES;
				CLANG_WARN_COMMA = YES;
				CLANG_WARN_CONSTANT_CONVERSION = YES;
				CLANG_WARN_DIRECT_OBJC_ISA_USAGE = YES_ERROR;
				CLANG_WARN_EMPTY_BODY = YES;
				CLANG_WARN_ENUM_CONVERSION = YES;
				CLANG_WARN_INFINITE_RECURSION = YES;
				CLANG_WARN_INT_CONVERSION = YES;
				CLANG_WARN_NON_LITERAL_NULL_CONVERSION = YES;
				CLANG_WARN_OBJC_LITERAL_CONVERSION = YES;
				CLANG_WARN_OBJC_ROOT_CLASS = YES_ERROR;
				CLANG_WARN_RANGE_LOOP_ANALYSIS = YES;
				CLANG_WARN_STRICT_PROTOTYPES = YES;
				CLANG_WARN_SUSPICIOUS_MOVE = YES;
				CLANG_WARN_UNREACHABLE_CODE = YES;
				CLANG_WARN__DUPLICATE_METHOD_MATCH = YES;
				"CODE_SIGN_IDENTITY[sdk=iphoneos*]" = "iPhone Developer";
				COPY_PHASE_STRIP = NO;
				DEBUG_INFORMATION_FORMAT = "dwarf-with-dsym";
				ENABLE_STRICT_OBJC_MSGSEND = YES;
				ENABLE_TESTABILITY = YES;
				GCC_C_LANGUAGE_STANDARD = gnu99;
				GCC_DYNAMIC_NO_PIC = NO;
				GCC_NO_COMMON_BLOCKS = YES;
				GCC_OPTIMIZATION_LEVEL = 0;
				GCC_PREPROCESSOR_DEFINITIONS = (
					"DEBUG=1",
					"$(inherited)",
				);
				GCC_SYMBOLS_PRIVATE_EXTERN = NO;
				GCC_WARN_64_TO_32_BIT_CONVERSION = YES;
				GCC_WARN_ABOUT_RETURN_TYPE = YES_ERROR;
				GCC_WARN_UNDECLARED_SELECTOR = YES;
				GCC_WARN_UNINITIALIZED_AUTOS = YES_AGGRESSIVE;
				GCC_WARN_UNUSED_FUNCTION = YES;
				GCC_WARN_UNUSED_VARIABLE = YES;
				IPHONEOS_DEPLOYMENT_TARGET = 10.3;
				MTL_ENABLE_DEBUG_INFO = YES;
				ONLY_ACTIVE_ARCH = YES;
				SDKROOT = iphoneos;
				SWIFT_OPTIMIZATION_LEVEL = "-Onone";
			};
			name = Debug;
		};
		607FACEE1AFB9204008FA782 /* Release */ = {
			isa = XCBuildConfiguration;
			buildSettings = {
				ALWAYS_SEARCH_USER_PATHS = NO;
				CLANG_CXX_LANGUAGE_STANDARD = "gnu++0x";
				CLANG_CXX_LIBRARY = "libc++";
				CLANG_ENABLE_MODULES = YES;
				CLANG_ENABLE_OBJC_ARC = YES;
				CLANG_WARN_BLOCK_CAPTURE_AUTORELEASING = YES;
				CLANG_WARN_BOOL_CONVERSION = YES;
				CLANG_WARN_COMMA = YES;
				CLANG_WARN_CONSTANT_CONVERSION = YES;
				CLANG_WARN_DIRECT_OBJC_ISA_USAGE = YES_ERROR;
				CLANG_WARN_EMPTY_BODY = YES;
				CLANG_WARN_ENUM_CONVERSION = YES;
				CLANG_WARN_INFINITE_RECURSION = YES;
				CLANG_WARN_INT_CONVERSION = YES;
				CLANG_WARN_NON_LITERAL_NULL_CONVERSION = YES;
				CLANG_WARN_OBJC_LITERAL_CONVERSION = YES;
				CLANG_WARN_OBJC_ROOT_CLASS = YES_ERROR;
				CLANG_WARN_RANGE_LOOP_ANALYSIS = YES;
				CLANG_WARN_STRICT_PROTOTYPES = YES;
				CLANG_WARN_SUSPICIOUS_MOVE = YES;
				CLANG_WARN_UNREACHABLE_CODE = YES;
				CLANG_WARN__DUPLICATE_METHOD_MATCH = YES;
				"CODE_SIGN_IDENTITY[sdk=iphoneos*]" = "iPhone Developer";
				COPY_PHASE_STRIP = NO;
				DEBUG_INFORMATION_FORMAT = "dwarf-with-dsym";
				ENABLE_NS_ASSERTIONS = NO;
				ENABLE_STRICT_OBJC_MSGSEND = YES;
				GCC_C_LANGUAGE_STANDARD = gnu99;
				GCC_NO_COMMON_BLOCKS = YES;
				GCC_WARN_64_TO_32_BIT_CONVERSION = YES;
				GCC_WARN_ABOUT_RETURN_TYPE = YES_ERROR;
				GCC_WARN_UNDECLARED_SELECTOR = YES;
				GCC_WARN_UNINITIALIZED_AUTOS = YES_AGGRESSIVE;
				GCC_WARN_UNUSED_FUNCTION = YES;
				GCC_WARN_UNUSED_VARIABLE = YES;
				IPHONEOS_DEPLOYMENT_TARGET = 10.3;
				MTL_ENABLE_DEBUG_INFO = NO;
				SDKROOT = iphoneos;
				SWIFT_OPTIMIZATION_LEVEL = "-Owholemodule";
				VALIDATE_PRODUCT = YES;
			};
			name = Release;
		};
		607FACF01AFB9204008FA782 /* Debug */ = {
			isa = XCBuildConfiguration;
			baseConfigurationReference = 99B56B2F7B646656E701D0BF /* Pods-Bills_Example.debug.xcconfig */;
			buildSettings = {
				ASSETCATALOG_COMPILER_APPICON_NAME = AppIcon;
				DEFINES_MODULE = YES;
				DEVELOPMENT_TEAM = JFX6PVNK48;
				INFOPLIST_FILE = Bills/Info.plist;
				IPHONEOS_DEPLOYMENT_TARGET = 11.4;
				LD_RUNPATH_SEARCH_PATHS = "$(inherited) @executable_path/Frameworks";
				MODULE_NAME = ExampleApp;
				PRODUCT_BUNDLE_IDENTIFIER = es.bancosantander.apps.ios.debug.5.0;
				PRODUCT_NAME = "$(TARGET_NAME)";
				SWIFT_SWIFT3_OBJC_INFERENCE = Default;
				SWIFT_VERSION = 5.0;
			};
			name = Debug;
		};
		607FACF11AFB9204008FA782 /* Release */ = {
			isa = XCBuildConfiguration;
			baseConfigurationReference = 5E41C2BAFFA402D70B9B7CD7 /* Pods-Bills_Example.release.xcconfig */;
			buildSettings = {
				ASSETCATALOG_COMPILER_APPICON_NAME = AppIcon;
				DEFINES_MODULE = YES;
				DEVELOPMENT_TEAM = JFX6PVNK48;
				INFOPLIST_FILE = Bills/Info.plist;
				IPHONEOS_DEPLOYMENT_TARGET = 11.4;
				LD_RUNPATH_SEARCH_PATHS = "$(inherited) @executable_path/Frameworks";
				MODULE_NAME = ExampleApp;
				PRODUCT_BUNDLE_IDENTIFIER = es.bancosantander.apps.ios.debug.5.0;
				PRODUCT_NAME = "$(TARGET_NAME)";
				SWIFT_SWIFT3_OBJC_INFERENCE = Default;
				SWIFT_VERSION = 5.0;
			};
			name = Release;
		};
/* End XCBuildConfiguration section */

/* Begin XCConfigurationList section */
		33E688E1253D66A500FC52DD /* Build configuration list for PBXNativeTarget "Bills_ExampleTests" */ = {
			isa = XCConfigurationList;
			buildConfigurations = (
				33E688DF253D66A500FC52DD /* Debug */,
				33E688E0253D66A500FC52DD /* Release */,
			);
			defaultConfigurationIsVisible = 0;
			defaultConfigurationName = Release;
		};
		607FACCB1AFB9204008FA782 /* Build configuration list for PBXProject "Bills" */ = {
			isa = XCConfigurationList;
			buildConfigurations = (
				607FACED1AFB9204008FA782 /* Debug */,
				607FACEE1AFB9204008FA782 /* Release */,
			);
			defaultConfigurationIsVisible = 0;
			defaultConfigurationName = Release;
		};
		607FACEF1AFB9204008FA782 /* Build configuration list for PBXNativeTarget "Bills_Example" */ = {
			isa = XCConfigurationList;
			buildConfigurations = (
				607FACF01AFB9204008FA782 /* Debug */,
				607FACF11AFB9204008FA782 /* Release */,
			);
			defaultConfigurationIsVisible = 0;
			defaultConfigurationName = Release;
		};
/* End XCConfigurationList section */
	};
	rootObject = 607FACC81AFB9204008FA782 /* Project object */;
}
